
Microsoft Visual Studio Solution File, Format Version 12.00
# Visual Studio Version 16
VisualStudioVersion = 16.0.30804.86
MinimumVisualStudioVersion = 10.0.40219.1
Project("{9A19103F-16F7-4668-BE54-9A1E7A4F7556}") = "SpaceEngineers", "..\..\se\Sources\SpaceEngineers\SpaceEngineers.csproj", "{5CD034C8-A242-4BD6-94F4-F20C655A69E8}"
EndProject
Project("{2150E333-8FDC-42A3-9474-1A3956D46DE8}") = "VRage", "VRage", "{776E066A-DE02-4627-B6BE-25F0287682E2}"
EndProject
Project("{9A19103F-16F7-4668-BE54-9A1E7A4F7556}") = "Sandbox.Game", "..\..\se\Sources\Sandbox.Game\Sandbox.Game.csproj", "{F77D0A49-F0A1-4E8A-80C8-CBE1842BF2D4}"
	ProjectSection(ProjectDependencies) = postProject
		{65BCD9EA-D257-4D35-9463-3F7B576F4244} = {65BCD9EA-D257-4D35-9463-3F7B576F4244}
	EndProjectSection
EndProject
Project("{9A19103F-16F7-4668-BE54-9A1E7A4F7556}") = "VRage.Math", "..\..\se\Sources\VRage.Math\VRage.Math.csproj", "{40CE67D5-C89F-4A56-AE52-85DB1BEA07FE}"
EndProject
Project("{9A19103F-16F7-4668-BE54-9A1E7A4F7556}") = "VRage.Render", "..\..\se\Sources\VRage.Render\VRage.Render.csproj", "{1713E6CD-808A-4A44-9532-04771499BB01}"
EndProject
Project("{9A19103F-16F7-4668-BE54-9A1E7A4F7556}") = "Sandbox.Common", "..\..\se\Sources\Sandbox.Common\Sandbox.Common.csproj", "{2C96F0AB-7962-4B73-A075-B0E0B09F6195}"
EndProject
Project("{2150E333-8FDC-42A3-9474-1A3956D46DE8}") = "Game", "Game", "{D3CBC58E-2E94-458C-A2BA-35AFA5A0B775}"
	ProjectSection(SolutionItems) = preProject
		..\..\se\Sources\VRage.Game\ModAPI\IMyWeatherEffects.cs = ..\..\se\Sources\VRage.Game\ModAPI\IMyWeatherEffects.cs
	EndProjectSection
EndProject
Project("{9A19103F-16F7-4668-BE54-9A1E7A4F7556}") = "VRage.Library", "..\..\se\Sources\VRage.Library\VRage.Library.csproj", "{26FE022E-42AB-40BE-BA9D-97CBE34E7D99}"
EndProject
Project("{9A19103F-16F7-4668-BE54-9A1E7A4F7556}") = "Sandbox.Graphics", "..\..\se\Sources\Sandbox.Graphics\Sandbox.Graphics.csproj", "{F77D0A49-F0A1-4E8A-80C8-CBE1842BA2D4}"
EndProject
Project("{9A19103F-16F7-4668-BE54-9A1E7A4F7556}") = "VRage.Render11", "..\..\se\Sources\VRage.Render11\VRage.Render11.csproj", "{A5A97AA5-E974-479E-BF93-1202393A4A06}"
EndProject
Project("{9A19103F-16F7-4668-BE54-9A1E7A4F7556}") = "VRage", "..\..\se\Sources\VRage\VRage.csproj", "{1C814936-C9A7-4FAF-B543-28F021D98B6C}"
EndProject
Project("{9A19103F-16F7-4668-BE54-9A1E7A4F7556}") = "VRage.Audio", "..\..\se\Sources\VRage.Audio\VRage.Audio.csproj", "{F77D0A49-F011-4E8A-80C8-CBE1842BF2D4}"
EndProject
Project("{9A19103F-16F7-4668-BE54-9A1E7A4F7556}") = "VRage.Input", "..\..\se\Sources\VRage.Input\VRage.Input.csproj", "{F77D0A49-F0A1-4E8A-80C8-CBF1842BF2D4}"
EndProject
Project("{9A19103F-16F7-4668-BE54-9A1E7A4F7556}") = "SpaceEngineers.Game", "..\..\se\Sources\SpaceEngineers.Game\SpaceEngineers.Game.csproj", "{9F620AAB-5008-4D91-8D8F-8BE6CF26F926}"
	ProjectSection(ProjectDependencies) = postProject
		{78C563AF-48A2-482F-B773-3A0898493CA8} = {78C563AF-48A2-482F-B773-3A0898493CA8}
	EndProjectSection
EndProject
Project("{9A19103F-16F7-4668-BE54-9A1E7A4F7556}") = "VRage.Game", "..\..\se\Sources\VRage.Game\VRage.Game.csproj", "{4539B5F0-3316-40E6-B032-9FBCAFAAC5BE}"
EndProject
Project("{9A19103F-16F7-4668-BE54-9A1E7A4F7556}") = "SpaceEngineers.ObjectBuilders", "..\..\se\Sources\SpaceEngineers.ObjectBuilders\SpaceEngineers.ObjectBuilders.csproj", "{E48FEB99-6814-4947-8035-8C2B4066DD9B}"
EndProject
Project("{9A19103F-16F7-4668-BE54-9A1E7A4F7556}") = "VRage.Scripting", "..\..\se\Sources\VRage.Scripting\VRage.Scripting.csproj", "{47E07DC1-03CB-4668-A031-71816DEF8955}"
EndProject
Project("{9A19103F-16F7-4668-BE54-9A1E7A4F7556}") = "VRage.UnitTests", "..\..\se\Sources\VRage.UnitTests\VRage.UnitTests.csproj", "{1B71BADF-4E94-4062-B835-052392FB9E3F}"
EndProject
Project("{9A19103F-16F7-4668-BE54-9A1E7A4F7556}") = "Sandbox.Game.UnitTests", "..\..\se\Sources\Sandbox.Game.UnitTests\Sandbox.Game.UnitTests.csproj", "{F1FC7FA9-A4DB-4699-846A-8D29F0B8F551}"
EndProject
Project("{2150E333-8FDC-42A3-9474-1A3956D46DE8}") = ".nuget", ".nuget", "{F063433D-1A4F-44D3-9495-177B2FDD55E1}"
	ProjectSection(SolutionItems) = preProject
		..\..\se\Sources\SpaceEngineers\.nuget\packages.config = ..\..\se\Sources\SpaceEngineers\.nuget\packages.config
	EndProjectSection
EndProject
Project("{9A19103F-16F7-4668-BE54-9A1E7A4F7556}") = "VRage.Ansel", "..\..\se\Sources\VRage.Ansel\VRage.Ansel.csproj", "{EF31FA47-4601-4F28-8023-8666A9B6F918}"
EndProject
Project("{9A19103F-16F7-4668-BE54-9A1E7A4F7556}") = "VRage.Steam", "..\..\se\Sources\VRage.Steam\VRage.Steam.csproj", "{4E178F6D-4357-4405-B738-DF60EFF5642B}"
EndProject
Project("{9A19103F-16F7-4668-BE54-9A1E7A4F7556}") = "VRage.Rail", "..\..\se\Sources\VRage.Rail\VRage.Rail.csproj", "{C69E1063-F07F-464B-89EA-219B55D3AEA5}"
EndProject
Project("{9A19103F-16F7-4668-BE54-9A1E7A4F7556}") = "SpaceEngineers_China", "..\..\se\Sources\SpaceEngineers\SpaceEngineers_China.csproj", "{82FE3343-AF61-429A-89B6-BB2FBF77169E}"
	ProjectSection(ProjectDependencies) = postProject
		{9DA9B43B-9181-4B0A-ACF5-F3EDF4B34F3D} = {9DA9B43B-9181-4B0A-ACF5-F3EDF4B34F3D}
	EndProjectSection
EndProject
Project("{2150E333-8FDC-42A3-9474-1A3956D46DE8}") = "Executables", "Executables", "{E6A8C5B7-EDB4-402D-AD9F-9A082E949015}"
EndProject
Project("{9A19103F-16F7-4668-BE54-9A1E7A4F7556}") = "Sandbox.RenderDirect", "..\..\se\Sources\Sandbox.RenderDirect\Sandbox.RenderDirect.csproj", "{65BCD9EA-D257-4D35-9463-3F7B576F4244}"
EndProject
Project("{9A19103F-16F7-4668-BE54-9A1E7A4F7556}") = "VRage.Platform.Windows", "..\..\se\Sources\VRage.Platform.Windows\VRage.Platform.Windows.csproj", "{90C6E6B7-D263-4A41-AFBF-389EC3D56BA1}"
EndProject
Project("{2150E333-8FDC-42A3-9474-1A3956D46DE8}") = "Wrappers", "Wrappers", "{CF6BC51E-1A12-4CCC-86AF-7C37B33AB121}"
EndProject
Project("{9A19103F-16F7-4668-BE54-9A1E7A4F7556}") = "VRage.NativeWrapper", "..\..\se\Sources\VRage.Native\VRage.NativeWrapper\VRage.NativeWrapper.csproj", "{93CDBB32-FBA1-4AD9-9388-E7878C8DCC0B}"
EndProject
Project("{9A19103F-16F7-4668-BE54-9A1E7A4F7556}") = "RecastDetourWrapper", "..\..\se\Sources\RecastDetourWrapper\RecastDetourWrapper\RecastDetourWrapper.csproj", "{8B05E8B7-79B2-42E6-8558-A869CB6FD18B}"
EndProject
Project("{9A19103F-16F7-4668-BE54-9A1E7A4F7556}") = "HavokWrapper", "..\..\se\Sources\Havok\HavokWrapper\HavokWrapper.csproj", "{91FE7C0F-3304-4648-8ACA-149FBF83F2D6}"
EndProject
Project("{9A19103F-16F7-4668-BE54-9A1E7A4F7556}") = "VRage.Mod.Io", "..\..\se\Sources\VRage.Mod.Io\VRage.Mod.Io.csproj", "{9DA9B43B-9181-4B0A-ACF5-F3EDF4B34F3D}"
EndProject
Project("{9A19103F-16F7-4668-BE54-9A1E7A4F7556}") = "VRage.UserInterface", "..\..\se\Sources\VRage.UserInterface\VRage.UserInterface.csproj", "{75D755C9-E42D-4533-9A8C-3A3D9A924889}"
EndProject
Project("{FAE04EC0-301F-11D3-BF4B-00C04F79EFBC}") = "SpaceEngineers.UserInterface", "..\..\se\Sources\SpaceEngineers.UserInterface\SpaceEngineers.UserInterface.csproj", "{78C563AF-48A2-482F-B773-3A0898493CA8}"
EndProject
Project("{9A19103F-16F7-4668-BE54-9A1E7A4F7556}") = "VRage.XboxLive", "..\..\se\Sources\VRage.XboxLive\VRage.XboxLive.csproj", "{B1D52F79-D691-4B84-96F8-20095B73A3EA}"
EndProject
Project("{9A19103F-16F7-4668-BE54-9A1E7A4F7556}") = "VRage.XIM", "..\..\se\Sources\VRage.XIM\VRage.XIM.csproj", "{7DDBE239-A36B-4A93-BAD6-25A1C3009C59}"
EndProject
Project("{9A19103F-16F7-4668-BE54-9A1E7A4F7556}") = "VRage.EOS", "..\..\se\Sources\VRage.EOS\VRage.EOS.csproj", "{F2287FCB-8C10-4C21-8D5F-595763F8854F}"
EndProject
Project("{2150E333-8FDC-42A3-9474-1A3956D46DE8}") = "Iv4XR", "Iv4XR", "{6E0E75F1-620F-4777-927B-23039B0151AD}"
EndProject
Project("{9A19103F-16F7-4668-BE54-9A1E7A4F7556}") = "Ivxr.PlugIndependentLib", "..\Source\Ivxr.PlugIndependentLib\Ivxr.PlugIndependentLib.csproj", "{D204FD60-1E48-4DB4-A639-C8DE7FCD96D7}"
EndProject
Project("{9A19103F-16F7-4668-BE54-9A1E7A4F7556}") = "Ivxr.SePlugin", "..\Source\Ivxr.SePlugin\Ivxr.SePlugin.csproj", "{92BCF318-E91E-40E7-8056-964CE210FAD4}"
EndProject
Project("{FAE04EC0-301F-11D3-BF4B-00C04F79EFBC}") = "Ivxr.SePlugin.Tests", "..\Source\Tests\Ivxr.SePlugin.Tests\Ivxr.SePlugin.Tests.csproj", "{77BE56CF-4F42-4268-9D9A-8F73C51287B6}"
EndProject
Global
	GlobalSection(SolutionConfigurationPlatforms) = preSolution
		AllocationProfilingRelease|Any CPU = AllocationProfilingRelease|Any CPU
		AllocationProfilingRelease|x64 = AllocationProfilingRelease|x64
		AllocationProfilingRelease|x86 = AllocationProfilingRelease|x86
		Debug|Any CPU = Debug|Any CPU
		Debug|x64 = Debug|x64
		Debug|x86 = Debug|x86
		Release Official|Any CPU = Release Official|Any CPU
		Release Official|x64 = Release Official|x64
		Release Official|x86 = Release Official|x86
		Release|Any CPU = Release|Any CPU
		Release|x64 = Release|x64
		Release|x86 = Release|x86
		Testing|Any CPU = Testing|Any CPU
		Testing|x64 = Testing|x64
		Testing|x86 = Testing|x86
	EndGlobalSection
	GlobalSection(ProjectConfigurationPlatforms) = postSolution
		{5CD034C8-A242-4BD6-94F4-F20C655A69E8}.AllocationProfilingRelease|Any CPU.ActiveCfg = AllocationProfilingRelease|x86
		{5CD034C8-A242-4BD6-94F4-F20C655A69E8}.AllocationProfilingRelease|x64.ActiveCfg = AllocationProfilingRelease|x64
		{5CD034C8-A242-4BD6-94F4-F20C655A69E8}.AllocationProfilingRelease|x64.Build.0 = AllocationProfilingRelease|x64
		{5CD034C8-A242-4BD6-94F4-F20C655A69E8}.AllocationProfilingRelease|x86.ActiveCfg = Release|x86
		{5CD034C8-A242-4BD6-94F4-F20C655A69E8}.AllocationProfilingRelease|x86.Build.0 = Release|x86
		{5CD034C8-A242-4BD6-94F4-F20C655A69E8}.Debug|Any CPU.ActiveCfg = Debug|x86
		{5CD034C8-A242-4BD6-94F4-F20C655A69E8}.Debug|x64.ActiveCfg = Debug|x64
		{5CD034C8-A242-4BD6-94F4-F20C655A69E8}.Debug|x64.Build.0 = Debug|x64
		{5CD034C8-A242-4BD6-94F4-F20C655A69E8}.Debug|x86.ActiveCfg = Debug|x86
		{5CD034C8-A242-4BD6-94F4-F20C655A69E8}.Debug|x86.Build.0 = Debug|x86
		{5CD034C8-A242-4BD6-94F4-F20C655A69E8}.Release Official|Any CPU.ActiveCfg = Release Official|x86
		{5CD034C8-A242-4BD6-94F4-F20C655A69E8}.Release Official|x64.ActiveCfg = Release Official|x64
		{5CD034C8-A242-4BD6-94F4-F20C655A69E8}.Release Official|x64.Build.0 = Release Official|x64
		{5CD034C8-A242-4BD6-94F4-F20C655A69E8}.Release Official|x86.ActiveCfg = Release Official|x86
		{5CD034C8-A242-4BD6-94F4-F20C655A69E8}.Release Official|x86.Build.0 = Release Official|x86
		{5CD034C8-A242-4BD6-94F4-F20C655A69E8}.Release|Any CPU.ActiveCfg = Release|x86
		{5CD034C8-A242-4BD6-94F4-F20C655A69E8}.Release|x64.ActiveCfg = Release|x64
		{5CD034C8-A242-4BD6-94F4-F20C655A69E8}.Release|x64.Build.0 = Release|x64
		{5CD034C8-A242-4BD6-94F4-F20C655A69E8}.Release|x86.ActiveCfg = Release|x86
		{5CD034C8-A242-4BD6-94F4-F20C655A69E8}.Release|x86.Build.0 = Release|x86
		{5CD034C8-A242-4BD6-94F4-F20C655A69E8}.Testing|Any CPU.ActiveCfg = Testing|x86
		{5CD034C8-A242-4BD6-94F4-F20C655A69E8}.Testing|x64.ActiveCfg = Testing|x64
		{5CD034C8-A242-4BD6-94F4-F20C655A69E8}.Testing|x64.Build.0 = Testing|x64
		{5CD034C8-A242-4BD6-94F4-F20C655A69E8}.Testing|x86.ActiveCfg = Testing|x86
		{5CD034C8-A242-4BD6-94F4-F20C655A69E8}.Testing|x86.Build.0 = Testing|x86
		{F77D0A49-F0A1-4E8A-80C8-CBE1842BF2D4}.AllocationProfilingRelease|Any CPU.ActiveCfg = Testing|x86
		{F77D0A49-F0A1-4E8A-80C8-CBE1842BF2D4}.AllocationProfilingRelease|Any CPU.Build.0 = Testing|x86
		{F77D0A49-F0A1-4E8A-80C8-CBE1842BF2D4}.AllocationProfilingRelease|x64.ActiveCfg = Release|x64
		{F77D0A49-F0A1-4E8A-80C8-CBE1842BF2D4}.AllocationProfilingRelease|x64.Build.0 = Release|x64
		{F77D0A49-F0A1-4E8A-80C8-CBE1842BF2D4}.AllocationProfilingRelease|x86.ActiveCfg = Release|x86
		{F77D0A49-F0A1-4E8A-80C8-CBE1842BF2D4}.AllocationProfilingRelease|x86.Build.0 = Release|x86
		{F77D0A49-F0A1-4E8A-80C8-CBE1842BF2D4}.Debug|Any CPU.ActiveCfg = Debug|x86
		{F77D0A49-F0A1-4E8A-80C8-CBE1842BF2D4}.Debug|x64.ActiveCfg = Debug|x64
		{F77D0A49-F0A1-4E8A-80C8-CBE1842BF2D4}.Debug|x64.Build.0 = Debug|x64
		{F77D0A49-F0A1-4E8A-80C8-CBE1842BF2D4}.Debug|x86.ActiveCfg = Debug|x86
		{F77D0A49-F0A1-4E8A-80C8-CBE1842BF2D4}.Debug|x86.Build.0 = Debug|x86
		{F77D0A49-F0A1-4E8A-80C8-CBE1842BF2D4}.Release Official|Any CPU.ActiveCfg = Testing|x86
		{F77D0A49-F0A1-4E8A-80C8-CBE1842BF2D4}.Release Official|Any CPU.Build.0 = Testing|x86
		{F77D0A49-F0A1-4E8A-80C8-CBE1842BF2D4}.Release Official|x64.ActiveCfg = Release|x64
		{F77D0A49-F0A1-4E8A-80C8-CBE1842BF2D4}.Release Official|x64.Build.0 = Release|x64
		{F77D0A49-F0A1-4E8A-80C8-CBE1842BF2D4}.Release Official|x86.ActiveCfg = Release|x86
		{F77D0A49-F0A1-4E8A-80C8-CBE1842BF2D4}.Release Official|x86.Build.0 = Release|x86
		{F77D0A49-F0A1-4E8A-80C8-CBE1842BF2D4}.Release|Any CPU.ActiveCfg = Release|x86
		{F77D0A49-F0A1-4E8A-80C8-CBE1842BF2D4}.Release|x64.ActiveCfg = Release|x64
		{F77D0A49-F0A1-4E8A-80C8-CBE1842BF2D4}.Release|x64.Build.0 = Release|x64
		{F77D0A49-F0A1-4E8A-80C8-CBE1842BF2D4}.Release|x86.ActiveCfg = Release|x86
		{F77D0A49-F0A1-4E8A-80C8-CBE1842BF2D4}.Release|x86.Build.0 = Release|x86
		{F77D0A49-F0A1-4E8A-80C8-CBE1842BF2D4}.Testing|Any CPU.ActiveCfg = Testing|x86
		{F77D0A49-F0A1-4E8A-80C8-CBE1842BF2D4}.Testing|x64.ActiveCfg = Testing|x64
		{F77D0A49-F0A1-4E8A-80C8-CBE1842BF2D4}.Testing|x64.Build.0 = Testing|x64
		{F77D0A49-F0A1-4E8A-80C8-CBE1842BF2D4}.Testing|x86.ActiveCfg = Testing|x86
		{F77D0A49-F0A1-4E8A-80C8-CBE1842BF2D4}.Testing|x86.Build.0 = Testing|x86
		{40CE67D5-C89F-4A56-AE52-85DB1BEA07FE}.AllocationProfilingRelease|Any CPU.ActiveCfg = Testing|x86
		{40CE67D5-C89F-4A56-AE52-85DB1BEA07FE}.AllocationProfilingRelease|Any CPU.Build.0 = Testing|x86
		{40CE67D5-C89F-4A56-AE52-85DB1BEA07FE}.AllocationProfilingRelease|x64.ActiveCfg = Release|x64
		{40CE67D5-C89F-4A56-AE52-85DB1BEA07FE}.AllocationProfilingRelease|x64.Build.0 = Release|x64
		{40CE67D5-C89F-4A56-AE52-85DB1BEA07FE}.AllocationProfilingRelease|x86.ActiveCfg = Release|x86
		{40CE67D5-C89F-4A56-AE52-85DB1BEA07FE}.AllocationProfilingRelease|x86.Build.0 = Release|x86
		{40CE67D5-C89F-4A56-AE52-85DB1BEA07FE}.Debug|Any CPU.ActiveCfg = Debug|x86
		{40CE67D5-C89F-4A56-AE52-85DB1BEA07FE}.Debug|x64.ActiveCfg = Debug|x64
		{40CE67D5-C89F-4A56-AE52-85DB1BEA07FE}.Debug|x64.Build.0 = Debug|x64
		{40CE67D5-C89F-4A56-AE52-85DB1BEA07FE}.Debug|x86.ActiveCfg = Debug|x86
		{40CE67D5-C89F-4A56-AE52-85DB1BEA07FE}.Debug|x86.Build.0 = Debug|x86
		{40CE67D5-C89F-4A56-AE52-85DB1BEA07FE}.Release Official|Any CPU.ActiveCfg = Testing|x86
		{40CE67D5-C89F-4A56-AE52-85DB1BEA07FE}.Release Official|Any CPU.Build.0 = Testing|x86
		{40CE67D5-C89F-4A56-AE52-85DB1BEA07FE}.Release Official|x64.ActiveCfg = Release|x64
		{40CE67D5-C89F-4A56-AE52-85DB1BEA07FE}.Release Official|x64.Build.0 = Release|x64
		{40CE67D5-C89F-4A56-AE52-85DB1BEA07FE}.Release Official|x86.ActiveCfg = Release|x86
		{40CE67D5-C89F-4A56-AE52-85DB1BEA07FE}.Release Official|x86.Build.0 = Release|x86
		{40CE67D5-C89F-4A56-AE52-85DB1BEA07FE}.Release|Any CPU.ActiveCfg = Release|x86
		{40CE67D5-C89F-4A56-AE52-85DB1BEA07FE}.Release|x64.ActiveCfg = Release|x64
		{40CE67D5-C89F-4A56-AE52-85DB1BEA07FE}.Release|x64.Build.0 = Release|x64
		{40CE67D5-C89F-4A56-AE52-85DB1BEA07FE}.Release|x86.ActiveCfg = Release|x86
		{40CE67D5-C89F-4A56-AE52-85DB1BEA07FE}.Release|x86.Build.0 = Release|x86
		{40CE67D5-C89F-4A56-AE52-85DB1BEA07FE}.Testing|Any CPU.ActiveCfg = Testing|x86
		{40CE67D5-C89F-4A56-AE52-85DB1BEA07FE}.Testing|x64.ActiveCfg = Testing|x64
		{40CE67D5-C89F-4A56-AE52-85DB1BEA07FE}.Testing|x64.Build.0 = Testing|x64
		{40CE67D5-C89F-4A56-AE52-85DB1BEA07FE}.Testing|x86.ActiveCfg = Testing|x86
		{40CE67D5-C89F-4A56-AE52-85DB1BEA07FE}.Testing|x86.Build.0 = Testing|x86
		{1713E6CD-808A-4A44-9532-04771499BB01}.AllocationProfilingRelease|Any CPU.ActiveCfg = Testing|x86
		{1713E6CD-808A-4A44-9532-04771499BB01}.AllocationProfilingRelease|Any CPU.Build.0 = Testing|x86
		{1713E6CD-808A-4A44-9532-04771499BB01}.AllocationProfilingRelease|x64.ActiveCfg = Release|x64
		{1713E6CD-808A-4A44-9532-04771499BB01}.AllocationProfilingRelease|x64.Build.0 = Release|x64
		{1713E6CD-808A-4A44-9532-04771499BB01}.AllocationProfilingRelease|x86.ActiveCfg = Release|x86
		{1713E6CD-808A-4A44-9532-04771499BB01}.AllocationProfilingRelease|x86.Build.0 = Release|x86
		{1713E6CD-808A-4A44-9532-04771499BB01}.Debug|Any CPU.ActiveCfg = Debug|x86
		{1713E6CD-808A-4A44-9532-04771499BB01}.Debug|x64.ActiveCfg = Debug|x64
		{1713E6CD-808A-4A44-9532-04771499BB01}.Debug|x64.Build.0 = Debug|x64
		{1713E6CD-808A-4A44-9532-04771499BB01}.Debug|x86.ActiveCfg = Debug|x86
		{1713E6CD-808A-4A44-9532-04771499BB01}.Debug|x86.Build.0 = Debug|x86
		{1713E6CD-808A-4A44-9532-04771499BB01}.Release Official|Any CPU.ActiveCfg = Testing|x86
		{1713E6CD-808A-4A44-9532-04771499BB01}.Release Official|Any CPU.Build.0 = Testing|x86
		{1713E6CD-808A-4A44-9532-04771499BB01}.Release Official|x64.ActiveCfg = Release|x64
		{1713E6CD-808A-4A44-9532-04771499BB01}.Release Official|x64.Build.0 = Release|x64
		{1713E6CD-808A-4A44-9532-04771499BB01}.Release Official|x86.ActiveCfg = Release|x86
		{1713E6CD-808A-4A44-9532-04771499BB01}.Release Official|x86.Build.0 = Release|x86
		{1713E6CD-808A-4A44-9532-04771499BB01}.Release|Any CPU.ActiveCfg = Release|x86
		{1713E6CD-808A-4A44-9532-04771499BB01}.Release|x64.ActiveCfg = Release|x64
		{1713E6CD-808A-4A44-9532-04771499BB01}.Release|x64.Build.0 = Release|x64
		{1713E6CD-808A-4A44-9532-04771499BB01}.Release|x86.ActiveCfg = Release|x86
		{1713E6CD-808A-4A44-9532-04771499BB01}.Release|x86.Build.0 = Release|x86
		{1713E6CD-808A-4A44-9532-04771499BB01}.Testing|Any CPU.ActiveCfg = Testing|x86
		{1713E6CD-808A-4A44-9532-04771499BB01}.Testing|x64.ActiveCfg = Testing|x64
		{1713E6CD-808A-4A44-9532-04771499BB01}.Testing|x64.Build.0 = Testing|x64
		{1713E6CD-808A-4A44-9532-04771499BB01}.Testing|x86.ActiveCfg = Testing|x86
		{1713E6CD-808A-4A44-9532-04771499BB01}.Testing|x86.Build.0 = Testing|x86
		{2C96F0AB-7962-4B73-A075-B0E0B09F6195}.AllocationProfilingRelease|Any CPU.ActiveCfg = Testing|x86
		{2C96F0AB-7962-4B73-A075-B0E0B09F6195}.AllocationProfilingRelease|Any CPU.Build.0 = Testing|x86
		{2C96F0AB-7962-4B73-A075-B0E0B09F6195}.AllocationProfilingRelease|x64.ActiveCfg = Release|x64
		{2C96F0AB-7962-4B73-A075-B0E0B09F6195}.AllocationProfilingRelease|x64.Build.0 = Release|x64
		{2C96F0AB-7962-4B73-A075-B0E0B09F6195}.AllocationProfilingRelease|x86.ActiveCfg = Release|x86
		{2C96F0AB-7962-4B73-A075-B0E0B09F6195}.AllocationProfilingRelease|x86.Build.0 = Release|x86
		{2C96F0AB-7962-4B73-A075-B0E0B09F6195}.Debug|Any CPU.ActiveCfg = Debug|x86
		{2C96F0AB-7962-4B73-A075-B0E0B09F6195}.Debug|x64.ActiveCfg = Debug|x64
		{2C96F0AB-7962-4B73-A075-B0E0B09F6195}.Debug|x64.Build.0 = Debug|x64
		{2C96F0AB-7962-4B73-A075-B0E0B09F6195}.Debug|x86.ActiveCfg = Debug|x86
		{2C96F0AB-7962-4B73-A075-B0E0B09F6195}.Debug|x86.Build.0 = Debug|x86
		{2C96F0AB-7962-4B73-A075-B0E0B09F6195}.Release Official|Any CPU.ActiveCfg = Release Official|x86
		{2C96F0AB-7962-4B73-A075-B0E0B09F6195}.Release Official|x64.ActiveCfg = Release Official|x64
		{2C96F0AB-7962-4B73-A075-B0E0B09F6195}.Release Official|x64.Build.0 = Release Official|x64
		{2C96F0AB-7962-4B73-A075-B0E0B09F6195}.Release Official|x86.ActiveCfg = Release Official|x86
		{2C96F0AB-7962-4B73-A075-B0E0B09F6195}.Release Official|x86.Build.0 = Release Official|x86
		{2C96F0AB-7962-4B73-A075-B0E0B09F6195}.Release|Any CPU.ActiveCfg = Release|x86
		{2C96F0AB-7962-4B73-A075-B0E0B09F6195}.Release|x64.ActiveCfg = Release|x64
		{2C96F0AB-7962-4B73-A075-B0E0B09F6195}.Release|x64.Build.0 = Release|x64
		{2C96F0AB-7962-4B73-A075-B0E0B09F6195}.Release|x86.ActiveCfg = Release|x86
		{2C96F0AB-7962-4B73-A075-B0E0B09F6195}.Release|x86.Build.0 = Release|x86
		{2C96F0AB-7962-4B73-A075-B0E0B09F6195}.Testing|Any CPU.ActiveCfg = Testing|x86
		{2C96F0AB-7962-4B73-A075-B0E0B09F6195}.Testing|x64.ActiveCfg = Testing|x64
		{2C96F0AB-7962-4B73-A075-B0E0B09F6195}.Testing|x64.Build.0 = Testing|x64
		{2C96F0AB-7962-4B73-A075-B0E0B09F6195}.Testing|x86.ActiveCfg = Testing|x86
		{2C96F0AB-7962-4B73-A075-B0E0B09F6195}.Testing|x86.Build.0 = Testing|x86
		{26FE022E-42AB-40BE-BA9D-97CBE34E7D99}.AllocationProfilingRelease|Any CPU.ActiveCfg = AllocationProfilingRelease|x86
		{26FE022E-42AB-40BE-BA9D-97CBE34E7D99}.AllocationProfilingRelease|x64.ActiveCfg = AllocationProfilingRelease|x64
		{26FE022E-42AB-40BE-BA9D-97CBE34E7D99}.AllocationProfilingRelease|x64.Build.0 = AllocationProfilingRelease|x64
		{26FE022E-42AB-40BE-BA9D-97CBE34E7D99}.AllocationProfilingRelease|x86.ActiveCfg = Release|x86
		{26FE022E-42AB-40BE-BA9D-97CBE34E7D99}.AllocationProfilingRelease|x86.Build.0 = Release|x86
		{26FE022E-42AB-40BE-BA9D-97CBE34E7D99}.Debug|Any CPU.ActiveCfg = Debug|x86
		{26FE022E-42AB-40BE-BA9D-97CBE34E7D99}.Debug|x64.ActiveCfg = Debug|x64
		{26FE022E-42AB-40BE-BA9D-97CBE34E7D99}.Debug|x64.Build.0 = Debug|x64
		{26FE022E-42AB-40BE-BA9D-97CBE34E7D99}.Debug|x86.ActiveCfg = Debug|x86
		{26FE022E-42AB-40BE-BA9D-97CBE34E7D99}.Debug|x86.Build.0 = Debug|x86
		{26FE022E-42AB-40BE-BA9D-97CBE34E7D99}.Release Official|Any CPU.ActiveCfg = Release Profile|x64
		{26FE022E-42AB-40BE-BA9D-97CBE34E7D99}.Release Official|Any CPU.Build.0 = Release Profile|x64
		{26FE022E-42AB-40BE-BA9D-97CBE34E7D99}.Release Official|x64.ActiveCfg = Release|x64
		{26FE022E-42AB-40BE-BA9D-97CBE34E7D99}.Release Official|x64.Build.0 = Release|x64
		{26FE022E-42AB-40BE-BA9D-97CBE34E7D99}.Release Official|x86.ActiveCfg = Release|x86
		{26FE022E-42AB-40BE-BA9D-97CBE34E7D99}.Release Official|x86.Build.0 = Release|x86
		{26FE022E-42AB-40BE-BA9D-97CBE34E7D99}.Release|Any CPU.ActiveCfg = Release|x86
		{26FE022E-42AB-40BE-BA9D-97CBE34E7D99}.Release|x64.ActiveCfg = Release|x64
		{26FE022E-42AB-40BE-BA9D-97CBE34E7D99}.Release|x64.Build.0 = Release|x64
		{26FE022E-42AB-40BE-BA9D-97CBE34E7D99}.Release|x86.ActiveCfg = Release|x86
		{26FE022E-42AB-40BE-BA9D-97CBE34E7D99}.Release|x86.Build.0 = Release|x86
		{26FE022E-42AB-40BE-BA9D-97CBE34E7D99}.Testing|Any CPU.ActiveCfg = Testing|x86
		{26FE022E-42AB-40BE-BA9D-97CBE34E7D99}.Testing|x64.ActiveCfg = Testing|x64
		{26FE022E-42AB-40BE-BA9D-97CBE34E7D99}.Testing|x64.Build.0 = Testing|x64
		{26FE022E-42AB-40BE-BA9D-97CBE34E7D99}.Testing|x86.ActiveCfg = Testing|x86
		{26FE022E-42AB-40BE-BA9D-97CBE34E7D99}.Testing|x86.Build.0 = Testing|x86
		{F77D0A49-F0A1-4E8A-80C8-CBE1842BA2D4}.AllocationProfilingRelease|Any CPU.ActiveCfg = Testing|x86
		{F77D0A49-F0A1-4E8A-80C8-CBE1842BA2D4}.AllocationProfilingRelease|Any CPU.Build.0 = Testing|x86
		{F77D0A49-F0A1-4E8A-80C8-CBE1842BA2D4}.AllocationProfilingRelease|x64.ActiveCfg = Release|x64
		{F77D0A49-F0A1-4E8A-80C8-CBE1842BA2D4}.AllocationProfilingRelease|x64.Build.0 = Release|x64
		{F77D0A49-F0A1-4E8A-80C8-CBE1842BA2D4}.AllocationProfilingRelease|x86.ActiveCfg = Release|x86
		{F77D0A49-F0A1-4E8A-80C8-CBE1842BA2D4}.AllocationProfilingRelease|x86.Build.0 = Release|x86
		{F77D0A49-F0A1-4E8A-80C8-CBE1842BA2D4}.Debug|Any CPU.ActiveCfg = Debug|x86
		{F77D0A49-F0A1-4E8A-80C8-CBE1842BA2D4}.Debug|x64.ActiveCfg = Debug|x64
		{F77D0A49-F0A1-4E8A-80C8-CBE1842BA2D4}.Debug|x64.Build.0 = Debug|x64
		{F77D0A49-F0A1-4E8A-80C8-CBE1842BA2D4}.Debug|x86.ActiveCfg = Debug|x86
		{F77D0A49-F0A1-4E8A-80C8-CBE1842BA2D4}.Debug|x86.Build.0 = Debug|x86
		{F77D0A49-F0A1-4E8A-80C8-CBE1842BA2D4}.Release Official|Any CPU.ActiveCfg = Testing|x86
		{F77D0A49-F0A1-4E8A-80C8-CBE1842BA2D4}.Release Official|Any CPU.Build.0 = Testing|x86
		{F77D0A49-F0A1-4E8A-80C8-CBE1842BA2D4}.Release Official|x64.ActiveCfg = Release|x64
		{F77D0A49-F0A1-4E8A-80C8-CBE1842BA2D4}.Release Official|x64.Build.0 = Release|x64
		{F77D0A49-F0A1-4E8A-80C8-CBE1842BA2D4}.Release Official|x86.ActiveCfg = Release|x86
		{F77D0A49-F0A1-4E8A-80C8-CBE1842BA2D4}.Release Official|x86.Build.0 = Release|x86
		{F77D0A49-F0A1-4E8A-80C8-CBE1842BA2D4}.Release|Any CPU.ActiveCfg = Release|x86
		{F77D0A49-F0A1-4E8A-80C8-CBE1842BA2D4}.Release|x64.ActiveCfg = Release|x64
		{F77D0A49-F0A1-4E8A-80C8-CBE1842BA2D4}.Release|x64.Build.0 = Release|x64
		{F77D0A49-F0A1-4E8A-80C8-CBE1842BA2D4}.Release|x86.ActiveCfg = Release|x86
		{F77D0A49-F0A1-4E8A-80C8-CBE1842BA2D4}.Release|x86.Build.0 = Release|x86
		{F77D0A49-F0A1-4E8A-80C8-CBE1842BA2D4}.Testing|Any CPU.ActiveCfg = Testing|x86
		{F77D0A49-F0A1-4E8A-80C8-CBE1842BA2D4}.Testing|x64.ActiveCfg = Testing|x64
		{F77D0A49-F0A1-4E8A-80C8-CBE1842BA2D4}.Testing|x64.Build.0 = Testing|x64
		{F77D0A49-F0A1-4E8A-80C8-CBE1842BA2D4}.Testing|x86.ActiveCfg = Testing|x86
		{F77D0A49-F0A1-4E8A-80C8-CBE1842BA2D4}.Testing|x86.Build.0 = Testing|x86
		{A5A97AA5-E974-479E-BF93-1202393A4A06}.AllocationProfilingRelease|Any CPU.ActiveCfg = Debug xbox|x64
		{A5A97AA5-E974-479E-BF93-1202393A4A06}.AllocationProfilingRelease|Any CPU.Build.0 = Debug xbox|x64
		{A5A97AA5-E974-479E-BF93-1202393A4A06}.AllocationProfilingRelease|x64.ActiveCfg = Release|x64
		{A5A97AA5-E974-479E-BF93-1202393A4A06}.AllocationProfilingRelease|x64.Build.0 = Release|x64
		{A5A97AA5-E974-479E-BF93-1202393A4A06}.AllocationProfilingRelease|x86.ActiveCfg = Release|x86
		{A5A97AA5-E974-479E-BF93-1202393A4A06}.AllocationProfilingRelease|x86.Build.0 = Release|x86
		{A5A97AA5-E974-479E-BF93-1202393A4A06}.Debug|Any CPU.ActiveCfg = Debug|x86
		{A5A97AA5-E974-479E-BF93-1202393A4A06}.Debug|x64.ActiveCfg = Debug|x64
		{A5A97AA5-E974-479E-BF93-1202393A4A06}.Debug|x64.Build.0 = Debug|x64
		{A5A97AA5-E974-479E-BF93-1202393A4A06}.Debug|x86.ActiveCfg = Debug|x86
		{A5A97AA5-E974-479E-BF93-1202393A4A06}.Debug|x86.Build.0 = Debug|x86
		{A5A97AA5-E974-479E-BF93-1202393A4A06}.Release Official|Any CPU.ActiveCfg = Debug xbox|x64
		{A5A97AA5-E974-479E-BF93-1202393A4A06}.Release Official|Any CPU.Build.0 = Debug xbox|x64
		{A5A97AA5-E974-479E-BF93-1202393A4A06}.Release Official|x64.ActiveCfg = Release|x64
		{A5A97AA5-E974-479E-BF93-1202393A4A06}.Release Official|x64.Build.0 = Release|x64
		{A5A97AA5-E974-479E-BF93-1202393A4A06}.Release Official|x86.ActiveCfg = Release|x86
		{A5A97AA5-E974-479E-BF93-1202393A4A06}.Release Official|x86.Build.0 = Release|x86
		{A5A97AA5-E974-479E-BF93-1202393A4A06}.Release|Any CPU.ActiveCfg = Release|x86
		{A5A97AA5-E974-479E-BF93-1202393A4A06}.Release|x64.ActiveCfg = Release|x64
		{A5A97AA5-E974-479E-BF93-1202393A4A06}.Release|x64.Build.0 = Release|x64
		{A5A97AA5-E974-479E-BF93-1202393A4A06}.Release|x86.ActiveCfg = Release|x86
		{A5A97AA5-E974-479E-BF93-1202393A4A06}.Release|x86.Build.0 = Release|x86
		{A5A97AA5-E974-479E-BF93-1202393A4A06}.Testing|Any CPU.ActiveCfg = Testing|x86
		{A5A97AA5-E974-479E-BF93-1202393A4A06}.Testing|x64.ActiveCfg = Testing|x64
		{A5A97AA5-E974-479E-BF93-1202393A4A06}.Testing|x64.Build.0 = Testing|x64
		{A5A97AA5-E974-479E-BF93-1202393A4A06}.Testing|x86.ActiveCfg = Testing|x86
		{A5A97AA5-E974-479E-BF93-1202393A4A06}.Testing|x86.Build.0 = Testing|x86
		{1C814936-C9A7-4FAF-B543-28F021D98B6C}.AllocationProfilingRelease|Any CPU.ActiveCfg = AllocationProfilingRelease|x86
		{1C814936-C9A7-4FAF-B543-28F021D98B6C}.AllocationProfilingRelease|x64.ActiveCfg = AllocationProfilingRelease|x64
		{1C814936-C9A7-4FAF-B543-28F021D98B6C}.AllocationProfilingRelease|x64.Build.0 = AllocationProfilingRelease|x64
		{1C814936-C9A7-4FAF-B543-28F021D98B6C}.AllocationProfilingRelease|x86.ActiveCfg = Release|x86
		{1C814936-C9A7-4FAF-B543-28F021D98B6C}.AllocationProfilingRelease|x86.Build.0 = Release|x86
		{1C814936-C9A7-4FAF-B543-28F021D98B6C}.Debug|Any CPU.ActiveCfg = Debug|x86
		{1C814936-C9A7-4FAF-B543-28F021D98B6C}.Debug|x64.ActiveCfg = Debug|x64
		{1C814936-C9A7-4FAF-B543-28F021D98B6C}.Debug|x64.Build.0 = Debug|x64
		{1C814936-C9A7-4FAF-B543-28F021D98B6C}.Debug|x86.ActiveCfg = Debug|x86
		{1C814936-C9A7-4FAF-B543-28F021D98B6C}.Debug|x86.Build.0 = Debug|x86
		{1C814936-C9A7-4FAF-B543-28F021D98B6C}.Release Official|Any CPU.ActiveCfg = AllocationProfilingRelease|x86
		{1C814936-C9A7-4FAF-B543-28F021D98B6C}.Release Official|Any CPU.Build.0 = AllocationProfilingRelease|x86
		{1C814936-C9A7-4FAF-B543-28F021D98B6C}.Release Official|x64.ActiveCfg = Release|x64
		{1C814936-C9A7-4FAF-B543-28F021D98B6C}.Release Official|x64.Build.0 = Release|x64
		{1C814936-C9A7-4FAF-B543-28F021D98B6C}.Release Official|x86.ActiveCfg = Release|x86
		{1C814936-C9A7-4FAF-B543-28F021D98B6C}.Release Official|x86.Build.0 = Release|x86
		{1C814936-C9A7-4FAF-B543-28F021D98B6C}.Release|Any CPU.ActiveCfg = Release|x86
		{1C814936-C9A7-4FAF-B543-28F021D98B6C}.Release|x64.ActiveCfg = Release|x64
		{1C814936-C9A7-4FAF-B543-28F021D98B6C}.Release|x64.Build.0 = Release|x64
		{1C814936-C9A7-4FAF-B543-28F021D98B6C}.Release|x86.ActiveCfg = Release|x86
		{1C814936-C9A7-4FAF-B543-28F021D98B6C}.Release|x86.Build.0 = Release|x86
		{1C814936-C9A7-4FAF-B543-28F021D98B6C}.Testing|Any CPU.ActiveCfg = Testing|x86
		{1C814936-C9A7-4FAF-B543-28F021D98B6C}.Testing|x64.ActiveCfg = Testing|x64
		{1C814936-C9A7-4FAF-B543-28F021D98B6C}.Testing|x64.Build.0 = Testing|x64
		{1C814936-C9A7-4FAF-B543-28F021D98B6C}.Testing|x86.ActiveCfg = Testing|x86
		{1C814936-C9A7-4FAF-B543-28F021D98B6C}.Testing|x86.Build.0 = Testing|x86
		{F77D0A49-F011-4E8A-80C8-CBE1842BF2D4}.AllocationProfilingRelease|Any CPU.ActiveCfg = Debug xbox|x64
		{F77D0A49-F011-4E8A-80C8-CBE1842BF2D4}.AllocationProfilingRelease|Any CPU.Build.0 = Debug xbox|x64
		{F77D0A49-F011-4E8A-80C8-CBE1842BF2D4}.AllocationProfilingRelease|x64.ActiveCfg = Release|x64
		{F77D0A49-F011-4E8A-80C8-CBE1842BF2D4}.AllocationProfilingRelease|x64.Build.0 = Release|x64
		{F77D0A49-F011-4E8A-80C8-CBE1842BF2D4}.AllocationProfilingRelease|x86.ActiveCfg = Release|x86
		{F77D0A49-F011-4E8A-80C8-CBE1842BF2D4}.AllocationProfilingRelease|x86.Build.0 = Release|x86
		{F77D0A49-F011-4E8A-80C8-CBE1842BF2D4}.Debug|Any CPU.ActiveCfg = Debug|x86
		{F77D0A49-F011-4E8A-80C8-CBE1842BF2D4}.Debug|x64.ActiveCfg = Debug|x64
		{F77D0A49-F011-4E8A-80C8-CBE1842BF2D4}.Debug|x64.Build.0 = Debug|x64
		{F77D0A49-F011-4E8A-80C8-CBE1842BF2D4}.Debug|x86.ActiveCfg = Debug|x86
		{F77D0A49-F011-4E8A-80C8-CBE1842BF2D4}.Debug|x86.Build.0 = Debug|x86
		{F77D0A49-F011-4E8A-80C8-CBE1842BF2D4}.Release Official|Any CPU.ActiveCfg = Debug xbox|x64
		{F77D0A49-F011-4E8A-80C8-CBE1842BF2D4}.Release Official|Any CPU.Build.0 = Debug xbox|x64
		{F77D0A49-F011-4E8A-80C8-CBE1842BF2D4}.Release Official|x64.ActiveCfg = Release|x64
		{F77D0A49-F011-4E8A-80C8-CBE1842BF2D4}.Release Official|x64.Build.0 = Release|x64
		{F77D0A49-F011-4E8A-80C8-CBE1842BF2D4}.Release Official|x86.ActiveCfg = Release|x86
		{F77D0A49-F011-4E8A-80C8-CBE1842BF2D4}.Release Official|x86.Build.0 = Release|x86
		{F77D0A49-F011-4E8A-80C8-CBE1842BF2D4}.Release|Any CPU.ActiveCfg = Release|x86
		{F77D0A49-F011-4E8A-80C8-CBE1842BF2D4}.Release|x64.ActiveCfg = Release|x64
		{F77D0A49-F011-4E8A-80C8-CBE1842BF2D4}.Release|x64.Build.0 = Release|x64
		{F77D0A49-F011-4E8A-80C8-CBE1842BF2D4}.Release|x86.ActiveCfg = Release|x86
		{F77D0A49-F011-4E8A-80C8-CBE1842BF2D4}.Release|x86.Build.0 = Release|x86
		{F77D0A49-F011-4E8A-80C8-CBE1842BF2D4}.Testing|Any CPU.ActiveCfg = Testing|x86
		{F77D0A49-F011-4E8A-80C8-CBE1842BF2D4}.Testing|x64.ActiveCfg = Testing|x64
		{F77D0A49-F011-4E8A-80C8-CBE1842BF2D4}.Testing|x64.Build.0 = Testing|x64
		{F77D0A49-F011-4E8A-80C8-CBE1842BF2D4}.Testing|x86.ActiveCfg = Testing|x86
		{F77D0A49-F011-4E8A-80C8-CBE1842BF2D4}.Testing|x86.Build.0 = Testing|x86
		{F77D0A49-F0A1-4E8A-80C8-CBF1842BF2D4}.AllocationProfilingRelease|Any CPU.ActiveCfg = Testing|x86
		{F77D0A49-F0A1-4E8A-80C8-CBF1842BF2D4}.AllocationProfilingRelease|Any CPU.Build.0 = Testing|x86
		{F77D0A49-F0A1-4E8A-80C8-CBF1842BF2D4}.AllocationProfilingRelease|x64.ActiveCfg = Release|x64
		{F77D0A49-F0A1-4E8A-80C8-CBF1842BF2D4}.AllocationProfilingRelease|x64.Build.0 = Release|x64
		{F77D0A49-F0A1-4E8A-80C8-CBF1842BF2D4}.AllocationProfilingRelease|x86.ActiveCfg = Release|x86
		{F77D0A49-F0A1-4E8A-80C8-CBF1842BF2D4}.AllocationProfilingRelease|x86.Build.0 = Release|x86
		{F77D0A49-F0A1-4E8A-80C8-CBF1842BF2D4}.Debug|Any CPU.ActiveCfg = Debug|x86
		{F77D0A49-F0A1-4E8A-80C8-CBF1842BF2D4}.Debug|x64.ActiveCfg = Debug|x64
		{F77D0A49-F0A1-4E8A-80C8-CBF1842BF2D4}.Debug|x64.Build.0 = Debug|x64
		{F77D0A49-F0A1-4E8A-80C8-CBF1842BF2D4}.Debug|x86.ActiveCfg = Debug|x86
		{F77D0A49-F0A1-4E8A-80C8-CBF1842BF2D4}.Debug|x86.Build.0 = Debug|x86
		{F77D0A49-F0A1-4E8A-80C8-CBF1842BF2D4}.Release Official|Any CPU.ActiveCfg = Testing|x86
		{F77D0A49-F0A1-4E8A-80C8-CBF1842BF2D4}.Release Official|Any CPU.Build.0 = Testing|x86
		{F77D0A49-F0A1-4E8A-80C8-CBF1842BF2D4}.Release Official|x64.ActiveCfg = Release|x64
		{F77D0A49-F0A1-4E8A-80C8-CBF1842BF2D4}.Release Official|x64.Build.0 = Release|x64
		{F77D0A49-F0A1-4E8A-80C8-CBF1842BF2D4}.Release Official|x86.ActiveCfg = Release|x86
		{F77D0A49-F0A1-4E8A-80C8-CBF1842BF2D4}.Release Official|x86.Build.0 = Release|x86
		{F77D0A49-F0A1-4E8A-80C8-CBF1842BF2D4}.Release|Any CPU.ActiveCfg = Release|x86
		{F77D0A49-F0A1-4E8A-80C8-CBF1842BF2D4}.Release|x64.ActiveCfg = Release|x64
		{F77D0A49-F0A1-4E8A-80C8-CBF1842BF2D4}.Release|x64.Build.0 = Release|x64
		{F77D0A49-F0A1-4E8A-80C8-CBF1842BF2D4}.Release|x86.ActiveCfg = Release|x86
		{F77D0A49-F0A1-4E8A-80C8-CBF1842BF2D4}.Release|x86.Build.0 = Release|x86
		{F77D0A49-F0A1-4E8A-80C8-CBF1842BF2D4}.Testing|Any CPU.ActiveCfg = Testing|x86
		{F77D0A49-F0A1-4E8A-80C8-CBF1842BF2D4}.Testing|x64.ActiveCfg = Testing|x64
		{F77D0A49-F0A1-4E8A-80C8-CBF1842BF2D4}.Testing|x64.Build.0 = Testing|x64
		{F77D0A49-F0A1-4E8A-80C8-CBF1842BF2D4}.Testing|x86.ActiveCfg = Testing|x86
		{F77D0A49-F0A1-4E8A-80C8-CBF1842BF2D4}.Testing|x86.Build.0 = Testing|x86
		{9F620AAB-5008-4D91-8D8F-8BE6CF26F926}.AllocationProfilingRelease|Any CPU.ActiveCfg = Testing|x86
		{9F620AAB-5008-4D91-8D8F-8BE6CF26F926}.AllocationProfilingRelease|Any CPU.Build.0 = Testing|x86
		{9F620AAB-5008-4D91-8D8F-8BE6CF26F926}.AllocationProfilingRelease|x64.ActiveCfg = Release|x64
		{9F620AAB-5008-4D91-8D8F-8BE6CF26F926}.AllocationProfilingRelease|x64.Build.0 = Release|x64
		{9F620AAB-5008-4D91-8D8F-8BE6CF26F926}.AllocationProfilingRelease|x86.ActiveCfg = Release|x86
		{9F620AAB-5008-4D91-8D8F-8BE6CF26F926}.AllocationProfilingRelease|x86.Build.0 = Release|x86
		{9F620AAB-5008-4D91-8D8F-8BE6CF26F926}.Debug|Any CPU.ActiveCfg = Debug|x86
		{9F620AAB-5008-4D91-8D8F-8BE6CF26F926}.Debug|x64.ActiveCfg = Debug|x64
		{9F620AAB-5008-4D91-8D8F-8BE6CF26F926}.Debug|x64.Build.0 = Debug|x64
		{9F620AAB-5008-4D91-8D8F-8BE6CF26F926}.Debug|x86.ActiveCfg = Debug|x86
		{9F620AAB-5008-4D91-8D8F-8BE6CF26F926}.Debug|x86.Build.0 = Debug|x86
		{9F620AAB-5008-4D91-8D8F-8BE6CF26F926}.Release Official|Any CPU.ActiveCfg = Testing|x86
		{9F620AAB-5008-4D91-8D8F-8BE6CF26F926}.Release Official|Any CPU.Build.0 = Testing|x86
		{9F620AAB-5008-4D91-8D8F-8BE6CF26F926}.Release Official|x64.ActiveCfg = Release|x64
		{9F620AAB-5008-4D91-8D8F-8BE6CF26F926}.Release Official|x64.Build.0 = Release|x64
		{9F620AAB-5008-4D91-8D8F-8BE6CF26F926}.Release Official|x86.ActiveCfg = Release|x86
		{9F620AAB-5008-4D91-8D8F-8BE6CF26F926}.Release Official|x86.Build.0 = Release|x86
		{9F620AAB-5008-4D91-8D8F-8BE6CF26F926}.Release|Any CPU.ActiveCfg = Release|x86
		{9F620AAB-5008-4D91-8D8F-8BE6CF26F926}.Release|x64.ActiveCfg = Release|x64
		{9F620AAB-5008-4D91-8D8F-8BE6CF26F926}.Release|x64.Build.0 = Release|x64
		{9F620AAB-5008-4D91-8D8F-8BE6CF26F926}.Release|x86.ActiveCfg = Release|x86
		{9F620AAB-5008-4D91-8D8F-8BE6CF26F926}.Release|x86.Build.0 = Release|x86
		{9F620AAB-5008-4D91-8D8F-8BE6CF26F926}.Testing|Any CPU.ActiveCfg = Testing|x86
		{9F620AAB-5008-4D91-8D8F-8BE6CF26F926}.Testing|x64.ActiveCfg = Testing|x64
		{9F620AAB-5008-4D91-8D8F-8BE6CF26F926}.Testing|x64.Build.0 = Testing|x64
		{9F620AAB-5008-4D91-8D8F-8BE6CF26F926}.Testing|x86.ActiveCfg = Testing|x86
		{9F620AAB-5008-4D91-8D8F-8BE6CF26F926}.Testing|x86.Build.0 = Testing|x86
		{4539B5F0-3316-40E6-B032-9FBCAFAAC5BE}.AllocationProfilingRelease|Any CPU.ActiveCfg = Testing|x86
		{4539B5F0-3316-40E6-B032-9FBCAFAAC5BE}.AllocationProfilingRelease|Any CPU.Build.0 = Testing|x86
		{4539B5F0-3316-40E6-B032-9FBCAFAAC5BE}.AllocationProfilingRelease|x64.ActiveCfg = Release|x64
		{4539B5F0-3316-40E6-B032-9FBCAFAAC5BE}.AllocationProfilingRelease|x64.Build.0 = Release|x64
		{4539B5F0-3316-40E6-B032-9FBCAFAAC5BE}.AllocationProfilingRelease|x86.ActiveCfg = Release|x86
		{4539B5F0-3316-40E6-B032-9FBCAFAAC5BE}.AllocationProfilingRelease|x86.Build.0 = Release|x86
		{4539B5F0-3316-40E6-B032-9FBCAFAAC5BE}.Debug|Any CPU.ActiveCfg = Debug|x86
		{4539B5F0-3316-40E6-B032-9FBCAFAAC5BE}.Debug|x64.ActiveCfg = Debug|x64
		{4539B5F0-3316-40E6-B032-9FBCAFAAC5BE}.Debug|x64.Build.0 = Debug|x64
		{4539B5F0-3316-40E6-B032-9FBCAFAAC5BE}.Debug|x86.ActiveCfg = Debug|x86
		{4539B5F0-3316-40E6-B032-9FBCAFAAC5BE}.Debug|x86.Build.0 = Debug|x86
		{4539B5F0-3316-40E6-B032-9FBCAFAAC5BE}.Release Official|Any CPU.ActiveCfg = Release Official|x86
		{4539B5F0-3316-40E6-B032-9FBCAFAAC5BE}.Release Official|x64.ActiveCfg = Release Official|x64
		{4539B5F0-3316-40E6-B032-9FBCAFAAC5BE}.Release Official|x64.Build.0 = Release Official|x64
		{4539B5F0-3316-40E6-B032-9FBCAFAAC5BE}.Release Official|x86.ActiveCfg = Release Official|x86
		{4539B5F0-3316-40E6-B032-9FBCAFAAC5BE}.Release Official|x86.Build.0 = Release Official|x86
		{4539B5F0-3316-40E6-B032-9FBCAFAAC5BE}.Release|Any CPU.ActiveCfg = Release|x86
		{4539B5F0-3316-40E6-B032-9FBCAFAAC5BE}.Release|x64.ActiveCfg = Release|x64
		{4539B5F0-3316-40E6-B032-9FBCAFAAC5BE}.Release|x64.Build.0 = Release|x64
		{4539B5F0-3316-40E6-B032-9FBCAFAAC5BE}.Release|x86.ActiveCfg = Release|x86
		{4539B5F0-3316-40E6-B032-9FBCAFAAC5BE}.Release|x86.Build.0 = Release|x86
		{4539B5F0-3316-40E6-B032-9FBCAFAAC5BE}.Testing|Any CPU.ActiveCfg = Testing|x86
		{4539B5F0-3316-40E6-B032-9FBCAFAAC5BE}.Testing|x64.ActiveCfg = Testing|x64
		{4539B5F0-3316-40E6-B032-9FBCAFAAC5BE}.Testing|x64.Build.0 = Testing|x64
		{4539B5F0-3316-40E6-B032-9FBCAFAAC5BE}.Testing|x86.ActiveCfg = Testing|x86
		{4539B5F0-3316-40E6-B032-9FBCAFAAC5BE}.Testing|x86.Build.0 = Testing|x86
		{E48FEB99-6814-4947-8035-8C2B4066DD9B}.AllocationProfilingRelease|Any CPU.ActiveCfg = Testing|x86
		{E48FEB99-6814-4947-8035-8C2B4066DD9B}.AllocationProfilingRelease|Any CPU.Build.0 = Testing|x86
		{E48FEB99-6814-4947-8035-8C2B4066DD9B}.AllocationProfilingRelease|x64.ActiveCfg = Release|x64
		{E48FEB99-6814-4947-8035-8C2B4066DD9B}.AllocationProfilingRelease|x64.Build.0 = Release|x64
		{E48FEB99-6814-4947-8035-8C2B4066DD9B}.AllocationProfilingRelease|x86.ActiveCfg = Release|x86
		{E48FEB99-6814-4947-8035-8C2B4066DD9B}.AllocationProfilingRelease|x86.Build.0 = Release|x86
		{E48FEB99-6814-4947-8035-8C2B4066DD9B}.Debug|Any CPU.ActiveCfg = Debug|x86
		{E48FEB99-6814-4947-8035-8C2B4066DD9B}.Debug|x64.ActiveCfg = Debug|x64
		{E48FEB99-6814-4947-8035-8C2B4066DD9B}.Debug|x64.Build.0 = Debug|x64
		{E48FEB99-6814-4947-8035-8C2B4066DD9B}.Debug|x86.ActiveCfg = Debug|x86
		{E48FEB99-6814-4947-8035-8C2B4066DD9B}.Debug|x86.Build.0 = Debug|x86
		{E48FEB99-6814-4947-8035-8C2B4066DD9B}.Release Official|Any CPU.ActiveCfg = Testing|x86
		{E48FEB99-6814-4947-8035-8C2B4066DD9B}.Release Official|Any CPU.Build.0 = Testing|x86
		{E48FEB99-6814-4947-8035-8C2B4066DD9B}.Release Official|x64.ActiveCfg = Release|x64
		{E48FEB99-6814-4947-8035-8C2B4066DD9B}.Release Official|x64.Build.0 = Release|x64
		{E48FEB99-6814-4947-8035-8C2B4066DD9B}.Release Official|x86.ActiveCfg = Release|x86
		{E48FEB99-6814-4947-8035-8C2B4066DD9B}.Release Official|x86.Build.0 = Release|x86
		{E48FEB99-6814-4947-8035-8C2B4066DD9B}.Release|Any CPU.ActiveCfg = Release|x86
		{E48FEB99-6814-4947-8035-8C2B4066DD9B}.Release|x64.ActiveCfg = Release|x64
		{E48FEB99-6814-4947-8035-8C2B4066DD9B}.Release|x64.Build.0 = Release|x64
		{E48FEB99-6814-4947-8035-8C2B4066DD9B}.Release|x86.ActiveCfg = Release|x86
		{E48FEB99-6814-4947-8035-8C2B4066DD9B}.Release|x86.Build.0 = Release|x86
		{E48FEB99-6814-4947-8035-8C2B4066DD9B}.Testing|Any CPU.ActiveCfg = Testing|x86
		{E48FEB99-6814-4947-8035-8C2B4066DD9B}.Testing|x64.ActiveCfg = Testing|x64
		{E48FEB99-6814-4947-8035-8C2B4066DD9B}.Testing|x64.Build.0 = Testing|x64
		{E48FEB99-6814-4947-8035-8C2B4066DD9B}.Testing|x86.ActiveCfg = Testing|x86
		{E48FEB99-6814-4947-8035-8C2B4066DD9B}.Testing|x86.Build.0 = Testing|x86
		{47E07DC1-03CB-4668-A031-71816DEF8955}.AllocationProfilingRelease|Any CPU.ActiveCfg = Debug|x86
		{47E07DC1-03CB-4668-A031-71816DEF8955}.AllocationProfilingRelease|Any CPU.Build.0 = Debug|x86
		{47E07DC1-03CB-4668-A031-71816DEF8955}.AllocationProfilingRelease|x64.ActiveCfg = Release|x64
		{47E07DC1-03CB-4668-A031-71816DEF8955}.AllocationProfilingRelease|x64.Build.0 = Release|x64
		{47E07DC1-03CB-4668-A031-71816DEF8955}.AllocationProfilingRelease|x86.ActiveCfg = Release|x64
		{47E07DC1-03CB-4668-A031-71816DEF8955}.Debug|Any CPU.ActiveCfg = Debug|x86
		{47E07DC1-03CB-4668-A031-71816DEF8955}.Debug|x64.ActiveCfg = Debug|x64
		{47E07DC1-03CB-4668-A031-71816DEF8955}.Debug|x64.Build.0 = Debug|x64
		{47E07DC1-03CB-4668-A031-71816DEF8955}.Debug|x86.ActiveCfg = Debug|x64
		{47E07DC1-03CB-4668-A031-71816DEF8955}.Release Official|Any CPU.ActiveCfg = Debug|x86
		{47E07DC1-03CB-4668-A031-71816DEF8955}.Release Official|Any CPU.Build.0 = Debug|x86
		{47E07DC1-03CB-4668-A031-71816DEF8955}.Release Official|x64.ActiveCfg = Release|x64
		{47E07DC1-03CB-4668-A031-71816DEF8955}.Release Official|x64.Build.0 = Release|x64
		{47E07DC1-03CB-4668-A031-71816DEF8955}.Release Official|x86.ActiveCfg = Release|x64
		{47E07DC1-03CB-4668-A031-71816DEF8955}.Release Official|x86.Build.0 = Release|x64
		{47E07DC1-03CB-4668-A031-71816DEF8955}.Release|Any CPU.ActiveCfg = Release|x86
		{47E07DC1-03CB-4668-A031-71816DEF8955}.Release|x64.ActiveCfg = Release|x64
		{47E07DC1-03CB-4668-A031-71816DEF8955}.Release|x64.Build.0 = Release|x64
		{47E07DC1-03CB-4668-A031-71816DEF8955}.Release|x86.ActiveCfg = Release|x64
		{47E07DC1-03CB-4668-A031-71816DEF8955}.Testing|Any CPU.ActiveCfg = Testing|x86
		{47E07DC1-03CB-4668-A031-71816DEF8955}.Testing|x64.ActiveCfg = Testing|x64
		{47E07DC1-03CB-4668-A031-71816DEF8955}.Testing|x64.Build.0 = Testing|x64
		{47E07DC1-03CB-4668-A031-71816DEF8955}.Testing|x86.ActiveCfg = Testing|x64
		{1B71BADF-4E94-4062-B835-052392FB9E3F}.AllocationProfilingRelease|Any CPU.ActiveCfg = Release|Any CPU
		{1B71BADF-4E94-4062-B835-052392FB9E3F}.AllocationProfilingRelease|Any CPU.Build.0 = Release|Any CPU
		{1B71BADF-4E94-4062-B835-052392FB9E3F}.AllocationProfilingRelease|x64.ActiveCfg = Release|Any CPU
		{1B71BADF-4E94-4062-B835-052392FB9E3F}.AllocationProfilingRelease|x64.Build.0 = Release|Any CPU
		{1B71BADF-4E94-4062-B835-052392FB9E3F}.AllocationProfilingRelease|x86.ActiveCfg = Release|Any CPU
		{1B71BADF-4E94-4062-B835-052392FB9E3F}.Debug|Any CPU.ActiveCfg = Debug|Any CPU
		{1B71BADF-4E94-4062-B835-052392FB9E3F}.Debug|Any CPU.Build.0 = Debug|Any CPU
		{1B71BADF-4E94-4062-B835-052392FB9E3F}.Debug|x64.ActiveCfg = Debug|x64
		{1B71BADF-4E94-4062-B835-052392FB9E3F}.Debug|x64.Build.0 = Debug|x64
		{1B71BADF-4E94-4062-B835-052392FB9E3F}.Debug|x86.ActiveCfg = Debug|Any CPU
		{1B71BADF-4E94-4062-B835-052392FB9E3F}.Release Official|Any CPU.ActiveCfg = Release|Any CPU
		{1B71BADF-4E94-4062-B835-052392FB9E3F}.Release Official|Any CPU.Build.0 = Release|Any CPU
		{1B71BADF-4E94-4062-B835-052392FB9E3F}.Release Official|x64.ActiveCfg = Release|Any CPU
		{1B71BADF-4E94-4062-B835-052392FB9E3F}.Release Official|x86.ActiveCfg = Release|Any CPU
		{1B71BADF-4E94-4062-B835-052392FB9E3F}.Release|Any CPU.ActiveCfg = Release|Any CPU
		{1B71BADF-4E94-4062-B835-052392FB9E3F}.Release|Any CPU.Build.0 = Release|Any CPU
		{1B71BADF-4E94-4062-B835-052392FB9E3F}.Release|x64.ActiveCfg = Release|Any CPU
		{1B71BADF-4E94-4062-B835-052392FB9E3F}.Release|x64.Build.0 = Release|Any CPU
		{1B71BADF-4E94-4062-B835-052392FB9E3F}.Release|x86.ActiveCfg = Release|Any CPU
		{1B71BADF-4E94-4062-B835-052392FB9E3F}.Testing|Any CPU.ActiveCfg = Testing|Any CPU
		{1B71BADF-4E94-4062-B835-052392FB9E3F}.Testing|Any CPU.Build.0 = Testing|Any CPU
		{1B71BADF-4E94-4062-B835-052392FB9E3F}.Testing|x64.ActiveCfg = Testing|x64
		{1B71BADF-4E94-4062-B835-052392FB9E3F}.Testing|x64.Build.0 = Testing|x64
		{1B71BADF-4E94-4062-B835-052392FB9E3F}.Testing|x86.ActiveCfg = Testing|Any CPU
		{1B71BADF-4E94-4062-B835-052392FB9E3F}.Testing|x86.Build.0 = Testing|Any CPU
		{F1FC7FA9-A4DB-4699-846A-8D29F0B8F551}.AllocationProfilingRelease|Any CPU.ActiveCfg = Testing|x64
		{F1FC7FA9-A4DB-4699-846A-8D29F0B8F551}.AllocationProfilingRelease|Any CPU.Build.0 = Testing|x64
		{F1FC7FA9-A4DB-4699-846A-8D29F0B8F551}.AllocationProfilingRelease|x64.ActiveCfg = Release|x64
		{F1FC7FA9-A4DB-4699-846A-8D29F0B8F551}.AllocationProfilingRelease|x64.Build.0 = Release|x64
		{F1FC7FA9-A4DB-4699-846A-8D29F0B8F551}.AllocationProfilingRelease|x86.ActiveCfg = Release|x64
		{F1FC7FA9-A4DB-4699-846A-8D29F0B8F551}.AllocationProfilingRelease|x86.Build.0 = Release|x64
		{F1FC7FA9-A4DB-4699-846A-8D29F0B8F551}.Debug|Any CPU.ActiveCfg = Debug|x64
		{F1FC7FA9-A4DB-4699-846A-8D29F0B8F551}.Debug|x64.ActiveCfg = Debug|x64
		{F1FC7FA9-A4DB-4699-846A-8D29F0B8F551}.Debug|x64.Build.0 = Debug|x64
		{F1FC7FA9-A4DB-4699-846A-8D29F0B8F551}.Debug|x86.ActiveCfg = Debug|x64
		{F1FC7FA9-A4DB-4699-846A-8D29F0B8F551}.Release Official|Any CPU.ActiveCfg = Testing|x64
		{F1FC7FA9-A4DB-4699-846A-8D29F0B8F551}.Release Official|Any CPU.Build.0 = Testing|x64
		{F1FC7FA9-A4DB-4699-846A-8D29F0B8F551}.Release Official|x64.ActiveCfg = Release|x64
		{F1FC7FA9-A4DB-4699-846A-8D29F0B8F551}.Release Official|x64.Build.0 = Release|x64
		{F1FC7FA9-A4DB-4699-846A-8D29F0B8F551}.Release Official|x86.ActiveCfg = Release|x64
		{F1FC7FA9-A4DB-4699-846A-8D29F0B8F551}.Release Official|x86.Build.0 = Release|x64
		{F1FC7FA9-A4DB-4699-846A-8D29F0B8F551}.Release|Any CPU.ActiveCfg = Release|x64
		{F1FC7FA9-A4DB-4699-846A-8D29F0B8F551}.Release|x64.ActiveCfg = Release|x64
		{F1FC7FA9-A4DB-4699-846A-8D29F0B8F551}.Release|x64.Build.0 = Release|x64
		{F1FC7FA9-A4DB-4699-846A-8D29F0B8F551}.Release|x86.ActiveCfg = Release|x64
		{F1FC7FA9-A4DB-4699-846A-8D29F0B8F551}.Testing|Any CPU.ActiveCfg = Testing|x64
		{F1FC7FA9-A4DB-4699-846A-8D29F0B8F551}.Testing|x64.ActiveCfg = Testing|x64
		{F1FC7FA9-A4DB-4699-846A-8D29F0B8F551}.Testing|x64.Build.0 = Testing|x64
		{F1FC7FA9-A4DB-4699-846A-8D29F0B8F551}.Testing|x86.ActiveCfg = Testing|x64
		{EF31FA47-4601-4F28-8023-8666A9B6F918}.AllocationProfilingRelease|Any CPU.ActiveCfg = Testing|x86
		{EF31FA47-4601-4F28-8023-8666A9B6F918}.AllocationProfilingRelease|Any CPU.Build.0 = Testing|x86
		{EF31FA47-4601-4F28-8023-8666A9B6F918}.AllocationProfilingRelease|x64.ActiveCfg = Release|x64
		{EF31FA47-4601-4F28-8023-8666A9B6F918}.AllocationProfilingRelease|x64.Build.0 = Release|x64
		{EF31FA47-4601-4F28-8023-8666A9B6F918}.AllocationProfilingRelease|x86.ActiveCfg = Release|x86
		{EF31FA47-4601-4F28-8023-8666A9B6F918}.AllocationProfilingRelease|x86.Build.0 = Release|x86
		{EF31FA47-4601-4F28-8023-8666A9B6F918}.Debug|Any CPU.ActiveCfg = Debug|x86
		{EF31FA47-4601-4F28-8023-8666A9B6F918}.Debug|x64.ActiveCfg = Debug|x64
		{EF31FA47-4601-4F28-8023-8666A9B6F918}.Debug|x64.Build.0 = Debug|x64
		{EF31FA47-4601-4F28-8023-8666A9B6F918}.Debug|x86.ActiveCfg = Debug|x86
		{EF31FA47-4601-4F28-8023-8666A9B6F918}.Debug|x86.Build.0 = Debug|x86
		{EF31FA47-4601-4F28-8023-8666A9B6F918}.Release Official|Any CPU.ActiveCfg = Testing|x86
		{EF31FA47-4601-4F28-8023-8666A9B6F918}.Release Official|Any CPU.Build.0 = Testing|x86
		{EF31FA47-4601-4F28-8023-8666A9B6F918}.Release Official|x64.ActiveCfg = Release|x64
		{EF31FA47-4601-4F28-8023-8666A9B6F918}.Release Official|x64.Build.0 = Release|x64
		{EF31FA47-4601-4F28-8023-8666A9B6F918}.Release Official|x86.ActiveCfg = Release|x86
		{EF31FA47-4601-4F28-8023-8666A9B6F918}.Release Official|x86.Build.0 = Release|x86
		{EF31FA47-4601-4F28-8023-8666A9B6F918}.Release|Any CPU.ActiveCfg = Release|x86
		{EF31FA47-4601-4F28-8023-8666A9B6F918}.Release|x64.ActiveCfg = Release|x64
		{EF31FA47-4601-4F28-8023-8666A9B6F918}.Release|x64.Build.0 = Release|x64
		{EF31FA47-4601-4F28-8023-8666A9B6F918}.Release|x86.ActiveCfg = Release|x86
		{EF31FA47-4601-4F28-8023-8666A9B6F918}.Release|x86.Build.0 = Release|x86
		{EF31FA47-4601-4F28-8023-8666A9B6F918}.Testing|Any CPU.ActiveCfg = Testing|x86
		{EF31FA47-4601-4F28-8023-8666A9B6F918}.Testing|x64.ActiveCfg = Testing|x64
		{EF31FA47-4601-4F28-8023-8666A9B6F918}.Testing|x64.Build.0 = Testing|x64
		{EF31FA47-4601-4F28-8023-8666A9B6F918}.Testing|x86.ActiveCfg = Testing|x86
		{EF31FA47-4601-4F28-8023-8666A9B6F918}.Testing|x86.Build.0 = Testing|x86
		{4E178F6D-4357-4405-B738-DF60EFF5642B}.AllocationProfilingRelease|Any CPU.ActiveCfg = Debug|x86
		{4E178F6D-4357-4405-B738-DF60EFF5642B}.AllocationProfilingRelease|Any CPU.Build.0 = Debug|x86
		{4E178F6D-4357-4405-B738-DF60EFF5642B}.AllocationProfilingRelease|x64.ActiveCfg = Release|x64
		{4E178F6D-4357-4405-B738-DF60EFF5642B}.AllocationProfilingRelease|x64.Build.0 = Release|x64
		{4E178F6D-4357-4405-B738-DF60EFF5642B}.AllocationProfilingRelease|x86.ActiveCfg = Release|x64
		{4E178F6D-4357-4405-B738-DF60EFF5642B}.Debug|Any CPU.ActiveCfg = Debug|x86
		{4E178F6D-4357-4405-B738-DF60EFF5642B}.Debug|x64.ActiveCfg = Debug|x64
		{4E178F6D-4357-4405-B738-DF60EFF5642B}.Debug|x64.Build.0 = Debug|x64
		{4E178F6D-4357-4405-B738-DF60EFF5642B}.Debug|x86.ActiveCfg = Debug|x64
		{4E178F6D-4357-4405-B738-DF60EFF5642B}.Release Official|Any CPU.ActiveCfg = Debug|x86
		{4E178F6D-4357-4405-B738-DF60EFF5642B}.Release Official|Any CPU.Build.0 = Debug|x86
		{4E178F6D-4357-4405-B738-DF60EFF5642B}.Release Official|x64.ActiveCfg = Release|x64
		{4E178F6D-4357-4405-B738-DF60EFF5642B}.Release Official|x64.Build.0 = Release|x64
		{4E178F6D-4357-4405-B738-DF60EFF5642B}.Release Official|x86.ActiveCfg = Release|x64
		{4E178F6D-4357-4405-B738-DF60EFF5642B}.Release|Any CPU.ActiveCfg = Release|x86
		{4E178F6D-4357-4405-B738-DF60EFF5642B}.Release|x64.ActiveCfg = Release|x64
		{4E178F6D-4357-4405-B738-DF60EFF5642B}.Release|x64.Build.0 = Release|x64
		{4E178F6D-4357-4405-B738-DF60EFF5642B}.Release|x86.ActiveCfg = Release|x64
		{4E178F6D-4357-4405-B738-DF60EFF5642B}.Testing|Any CPU.ActiveCfg = Testing|x86
		{4E178F6D-4357-4405-B738-DF60EFF5642B}.Testing|x64.ActiveCfg = Testing|x64
		{4E178F6D-4357-4405-B738-DF60EFF5642B}.Testing|x64.Build.0 = Testing|x64
		{4E178F6D-4357-4405-B738-DF60EFF5642B}.Testing|x86.ActiveCfg = Testing|x64
		{C69E1063-F07F-464B-89EA-219B55D3AEA5}.AllocationProfilingRelease|Any CPU.ActiveCfg = Testing|x64
		{C69E1063-F07F-464B-89EA-219B55D3AEA5}.AllocationProfilingRelease|Any CPU.Build.0 = Testing|x64
		{C69E1063-F07F-464B-89EA-219B55D3AEA5}.AllocationProfilingRelease|x64.ActiveCfg = Release|x64
		{C69E1063-F07F-464B-89EA-219B55D3AEA5}.AllocationProfilingRelease|x64.Build.0 = Release|x64
		{C69E1063-F07F-464B-89EA-219B55D3AEA5}.AllocationProfilingRelease|x86.ActiveCfg = Release|x64
		{C69E1063-F07F-464B-89EA-219B55D3AEA5}.Debug|Any CPU.ActiveCfg = Debug|x64
		{C69E1063-F07F-464B-89EA-219B55D3AEA5}.Debug|x64.ActiveCfg = Debug|x64
		{C69E1063-F07F-464B-89EA-219B55D3AEA5}.Debug|x64.Build.0 = Debug|x64
		{C69E1063-F07F-464B-89EA-219B55D3AEA5}.Debug|x86.ActiveCfg = Debug|x64
		{C69E1063-F07F-464B-89EA-219B55D3AEA5}.Release Official|Any CPU.ActiveCfg = Testing|x64
		{C69E1063-F07F-464B-89EA-219B55D3AEA5}.Release Official|Any CPU.Build.0 = Testing|x64
		{C69E1063-F07F-464B-89EA-219B55D3AEA5}.Release Official|x64.ActiveCfg = Release|x64
		{C69E1063-F07F-464B-89EA-219B55D3AEA5}.Release Official|x64.Build.0 = Release|x64
		{C69E1063-F07F-464B-89EA-219B55D3AEA5}.Release Official|x86.ActiveCfg = Release|x64
		{C69E1063-F07F-464B-89EA-219B55D3AEA5}.Release|Any CPU.ActiveCfg = Release|x64
		{C69E1063-F07F-464B-89EA-219B55D3AEA5}.Release|x64.ActiveCfg = Release|x64
		{C69E1063-F07F-464B-89EA-219B55D3AEA5}.Release|x64.Build.0 = Release|x64
		{C69E1063-F07F-464B-89EA-219B55D3AEA5}.Release|x86.ActiveCfg = Release|x64
		{C69E1063-F07F-464B-89EA-219B55D3AEA5}.Testing|Any CPU.ActiveCfg = Testing|x64
		{C69E1063-F07F-464B-89EA-219B55D3AEA5}.Testing|x64.ActiveCfg = Testing|x64
		{C69E1063-F07F-464B-89EA-219B55D3AEA5}.Testing|x64.Build.0 = Testing|x64
		{C69E1063-F07F-464B-89EA-219B55D3AEA5}.Testing|x86.ActiveCfg = Testing|x64
		{82FE3343-AF61-429A-89B6-BB2FBF77169E}.AllocationProfilingRelease|Any CPU.ActiveCfg = Testing|x86
		{82FE3343-AF61-429A-89B6-BB2FBF77169E}.AllocationProfilingRelease|Any CPU.Build.0 = Testing|x86
		{82FE3343-AF61-429A-89B6-BB2FBF77169E}.AllocationProfilingRelease|x64.ActiveCfg = Release|x64
		{82FE3343-AF61-429A-89B6-BB2FBF77169E}.AllocationProfilingRelease|x86.ActiveCfg = Release|x86
		{82FE3343-AF61-429A-89B6-BB2FBF77169E}.AllocationProfilingRelease|x86.Build.0 = Release|x86
		{82FE3343-AF61-429A-89B6-BB2FBF77169E}.Debug|Any CPU.ActiveCfg = Debug|x86
		{82FE3343-AF61-429A-89B6-BB2FBF77169E}.Debug|x64.ActiveCfg = Debug|x64
		{82FE3343-AF61-429A-89B6-BB2FBF77169E}.Debug|x86.ActiveCfg = Debug|x86
		{82FE3343-AF61-429A-89B6-BB2FBF77169E}.Debug|x86.Build.0 = Debug|x86
		{82FE3343-AF61-429A-89B6-BB2FBF77169E}.Release Official|Any CPU.ActiveCfg = Release Official|x86
		{82FE3343-AF61-429A-89B6-BB2FBF77169E}.Release Official|x64.ActiveCfg = Release Official|x64
		{82FE3343-AF61-429A-89B6-BB2FBF77169E}.Release Official|x86.ActiveCfg = Release Official|x86
		{82FE3343-AF61-429A-89B6-BB2FBF77169E}.Release Official|x86.Build.0 = Release Official|x86
		{82FE3343-AF61-429A-89B6-BB2FBF77169E}.Release|Any CPU.ActiveCfg = Release|x86
		{82FE3343-AF61-429A-89B6-BB2FBF77169E}.Release|x64.ActiveCfg = Release|x64
		{82FE3343-AF61-429A-89B6-BB2FBF77169E}.Release|x86.ActiveCfg = Release|x86
		{82FE3343-AF61-429A-89B6-BB2FBF77169E}.Release|x86.Build.0 = Release|x86
		{82FE3343-AF61-429A-89B6-BB2FBF77169E}.Testing|Any CPU.ActiveCfg = Testing|x86
		{82FE3343-AF61-429A-89B6-BB2FBF77169E}.Testing|x64.ActiveCfg = Testing|x64
		{82FE3343-AF61-429A-89B6-BB2FBF77169E}.Testing|x86.ActiveCfg = Testing|x86
		{65BCD9EA-D257-4D35-9463-3F7B576F4244}.AllocationProfilingRelease|Any CPU.ActiveCfg = Testing|x64
		{65BCD9EA-D257-4D35-9463-3F7B576F4244}.AllocationProfilingRelease|Any CPU.Build.0 = Testing|x64
		{65BCD9EA-D257-4D35-9463-3F7B576F4244}.AllocationProfilingRelease|x64.ActiveCfg = Release|x64
		{65BCD9EA-D257-4D35-9463-3F7B576F4244}.AllocationProfilingRelease|x64.Build.0 = Release|x64
		{65BCD9EA-D257-4D35-9463-3F7B576F4244}.AllocationProfilingRelease|x86.ActiveCfg = Release|x64
		{65BCD9EA-D257-4D35-9463-3F7B576F4244}.AllocationProfilingRelease|x86.Build.0 = Release|x64
		{65BCD9EA-D257-4D35-9463-3F7B576F4244}.Debug|Any CPU.ActiveCfg = Debug|x64
		{65BCD9EA-D257-4D35-9463-3F7B576F4244}.Debug|x64.ActiveCfg = Debug|x64
		{65BCD9EA-D257-4D35-9463-3F7B576F4244}.Debug|x64.Build.0 = Debug|x64
		{65BCD9EA-D257-4D35-9463-3F7B576F4244}.Debug|x86.ActiveCfg = Debug|x64
		{65BCD9EA-D257-4D35-9463-3F7B576F4244}.Release Official|Any CPU.ActiveCfg = Testing|x64
		{65BCD9EA-D257-4D35-9463-3F7B576F4244}.Release Official|Any CPU.Build.0 = Testing|x64
		{65BCD9EA-D257-4D35-9463-3F7B576F4244}.Release Official|x64.ActiveCfg = Release|x64
		{65BCD9EA-D257-4D35-9463-3F7B576F4244}.Release Official|x64.Build.0 = Release|x64
		{65BCD9EA-D257-4D35-9463-3F7B576F4244}.Release Official|x86.ActiveCfg = Release|x64
		{65BCD9EA-D257-4D35-9463-3F7B576F4244}.Release Official|x86.Build.0 = Release|x64
		{65BCD9EA-D257-4D35-9463-3F7B576F4244}.Release|Any CPU.ActiveCfg = Release|x64
		{65BCD9EA-D257-4D35-9463-3F7B576F4244}.Release|x64.ActiveCfg = Release|x64
		{65BCD9EA-D257-4D35-9463-3F7B576F4244}.Release|x64.Build.0 = Release|x64
		{65BCD9EA-D257-4D35-9463-3F7B576F4244}.Release|x86.ActiveCfg = Release|x64
		{65BCD9EA-D257-4D35-9463-3F7B576F4244}.Testing|Any CPU.ActiveCfg = Testing|x64
		{65BCD9EA-D257-4D35-9463-3F7B576F4244}.Testing|x64.ActiveCfg = Testing|x64
		{65BCD9EA-D257-4D35-9463-3F7B576F4244}.Testing|x64.Build.0 = Testing|x64
		{65BCD9EA-D257-4D35-9463-3F7B576F4244}.Testing|x86.ActiveCfg = Testing|x64
		{90C6E6B7-D263-4A41-AFBF-389EC3D56BA1}.AllocationProfilingRelease|Any CPU.ActiveCfg = Testing|x64
		{90C6E6B7-D263-4A41-AFBF-389EC3D56BA1}.AllocationProfilingRelease|Any CPU.Build.0 = Testing|x64
		{90C6E6B7-D263-4A41-AFBF-389EC3D56BA1}.AllocationProfilingRelease|x64.ActiveCfg = Release|x64
		{90C6E6B7-D263-4A41-AFBF-389EC3D56BA1}.AllocationProfilingRelease|x64.Build.0 = Release|x64
		{90C6E6B7-D263-4A41-AFBF-389EC3D56BA1}.AllocationProfilingRelease|x86.ActiveCfg = Release|x86
		{90C6E6B7-D263-4A41-AFBF-389EC3D56BA1}.AllocationProfilingRelease|x86.Build.0 = Release|x86
		{90C6E6B7-D263-4A41-AFBF-389EC3D56BA1}.Debug|Any CPU.ActiveCfg = Debug|x86
		{90C6E6B7-D263-4A41-AFBF-389EC3D56BA1}.Debug|x64.ActiveCfg = Debug|x64
		{90C6E6B7-D263-4A41-AFBF-389EC3D56BA1}.Debug|x64.Build.0 = Debug|x64
		{90C6E6B7-D263-4A41-AFBF-389EC3D56BA1}.Debug|x86.ActiveCfg = Debug|x86
		{90C6E6B7-D263-4A41-AFBF-389EC3D56BA1}.Debug|x86.Build.0 = Debug|x86
		{90C6E6B7-D263-4A41-AFBF-389EC3D56BA1}.Release Official|Any CPU.ActiveCfg = Testing|x64
		{90C6E6B7-D263-4A41-AFBF-389EC3D56BA1}.Release Official|Any CPU.Build.0 = Testing|x64
		{90C6E6B7-D263-4A41-AFBF-389EC3D56BA1}.Release Official|x64.ActiveCfg = Release|x64
		{90C6E6B7-D263-4A41-AFBF-389EC3D56BA1}.Release Official|x64.Build.0 = Release|x64
		{90C6E6B7-D263-4A41-AFBF-389EC3D56BA1}.Release Official|x86.ActiveCfg = Release|x86
		{90C6E6B7-D263-4A41-AFBF-389EC3D56BA1}.Release Official|x86.Build.0 = Release|x86
		{90C6E6B7-D263-4A41-AFBF-389EC3D56BA1}.Release|Any CPU.ActiveCfg = Release|x86
		{90C6E6B7-D263-4A41-AFBF-389EC3D56BA1}.Release|x64.ActiveCfg = Release|x64
		{90C6E6B7-D263-4A41-AFBF-389EC3D56BA1}.Release|x64.Build.0 = Release|x64
		{90C6E6B7-D263-4A41-AFBF-389EC3D56BA1}.Release|x86.ActiveCfg = Release|x86
		{90C6E6B7-D263-4A41-AFBF-389EC3D56BA1}.Release|x86.Build.0 = Release|x86
		{90C6E6B7-D263-4A41-AFBF-389EC3D56BA1}.Testing|Any CPU.ActiveCfg = Testing|x86
		{90C6E6B7-D263-4A41-AFBF-389EC3D56BA1}.Testing|x64.ActiveCfg = Debug|x64
		{90C6E6B7-D263-4A41-AFBF-389EC3D56BA1}.Testing|x64.Build.0 = Debug|x64
		{90C6E6B7-D263-4A41-AFBF-389EC3D56BA1}.Testing|x86.ActiveCfg = Testing|x86
		{90C6E6B7-D263-4A41-AFBF-389EC3D56BA1}.Testing|x86.Build.0 = Testing|x86
		{93CDBB32-FBA1-4AD9-9388-E7878C8DCC0B}.AllocationProfilingRelease|Any CPU.ActiveCfg = Testing|x86
		{93CDBB32-FBA1-4AD9-9388-E7878C8DCC0B}.AllocationProfilingRelease|Any CPU.Build.0 = Testing|x86
		{93CDBB32-FBA1-4AD9-9388-E7878C8DCC0B}.AllocationProfilingRelease|x64.ActiveCfg = Release|x64
		{93CDBB32-FBA1-4AD9-9388-E7878C8DCC0B}.AllocationProfilingRelease|x64.Build.0 = Release|x64
		{93CDBB32-FBA1-4AD9-9388-E7878C8DCC0B}.AllocationProfilingRelease|x86.ActiveCfg = Release|x86
		{93CDBB32-FBA1-4AD9-9388-E7878C8DCC0B}.AllocationProfilingRelease|x86.Build.0 = Release|x86
		{93CDBB32-FBA1-4AD9-9388-E7878C8DCC0B}.Debug|Any CPU.ActiveCfg = Debug|x86
		{93CDBB32-FBA1-4AD9-9388-E7878C8DCC0B}.Debug|x64.ActiveCfg = Debug|x64
		{93CDBB32-FBA1-4AD9-9388-E7878C8DCC0B}.Debug|x64.Build.0 = Debug|x64
		{93CDBB32-FBA1-4AD9-9388-E7878C8DCC0B}.Debug|x86.ActiveCfg = Debug|x86
		{93CDBB32-FBA1-4AD9-9388-E7878C8DCC0B}.Debug|x86.Build.0 = Debug|x86
		{93CDBB32-FBA1-4AD9-9388-E7878C8DCC0B}.Release Official|Any CPU.ActiveCfg = Testing|x86
		{93CDBB32-FBA1-4AD9-9388-E7878C8DCC0B}.Release Official|Any CPU.Build.0 = Testing|x86
		{93CDBB32-FBA1-4AD9-9388-E7878C8DCC0B}.Release Official|x64.ActiveCfg = Release|x64
		{93CDBB32-FBA1-4AD9-9388-E7878C8DCC0B}.Release Official|x64.Build.0 = Release|x64
		{93CDBB32-FBA1-4AD9-9388-E7878C8DCC0B}.Release Official|x86.ActiveCfg = Release|x86
		{93CDBB32-FBA1-4AD9-9388-E7878C8DCC0B}.Release Official|x86.Build.0 = Release|x86
		{93CDBB32-FBA1-4AD9-9388-E7878C8DCC0B}.Release|Any CPU.ActiveCfg = Release|x86
		{93CDBB32-FBA1-4AD9-9388-E7878C8DCC0B}.Release|x64.ActiveCfg = Release|x64
		{93CDBB32-FBA1-4AD9-9388-E7878C8DCC0B}.Release|x64.Build.0 = Release|x64
		{93CDBB32-FBA1-4AD9-9388-E7878C8DCC0B}.Release|x86.ActiveCfg = Release|x86
		{93CDBB32-FBA1-4AD9-9388-E7878C8DCC0B}.Release|x86.Build.0 = Release|x86
		{93CDBB32-FBA1-4AD9-9388-E7878C8DCC0B}.Testing|Any CPU.ActiveCfg = Testing|x86
		{93CDBB32-FBA1-4AD9-9388-E7878C8DCC0B}.Testing|x64.ActiveCfg = Testing|x64
		{93CDBB32-FBA1-4AD9-9388-E7878C8DCC0B}.Testing|x64.Build.0 = Testing|x64
		{93CDBB32-FBA1-4AD9-9388-E7878C8DCC0B}.Testing|x86.ActiveCfg = Testing|x86
		{93CDBB32-FBA1-4AD9-9388-E7878C8DCC0B}.Testing|x86.Build.0 = Testing|x86
		{8B05E8B7-79B2-42E6-8558-A869CB6FD18B}.AllocationProfilingRelease|Any CPU.ActiveCfg = Testing|x86
		{8B05E8B7-79B2-42E6-8558-A869CB6FD18B}.AllocationProfilingRelease|Any CPU.Build.0 = Testing|x86
		{8B05E8B7-79B2-42E6-8558-A869CB6FD18B}.AllocationProfilingRelease|x64.ActiveCfg = Release|x64
		{8B05E8B7-79B2-42E6-8558-A869CB6FD18B}.AllocationProfilingRelease|x64.Build.0 = Release|x64
		{8B05E8B7-79B2-42E6-8558-A869CB6FD18B}.AllocationProfilingRelease|x86.ActiveCfg = Release|x86
		{8B05E8B7-79B2-42E6-8558-A869CB6FD18B}.AllocationProfilingRelease|x86.Build.0 = Release|x86
		{8B05E8B7-79B2-42E6-8558-A869CB6FD18B}.Debug|Any CPU.ActiveCfg = Debug|x86
		{8B05E8B7-79B2-42E6-8558-A869CB6FD18B}.Debug|x64.ActiveCfg = Debug|x64
		{8B05E8B7-79B2-42E6-8558-A869CB6FD18B}.Debug|x64.Build.0 = Debug|x64
		{8B05E8B7-79B2-42E6-8558-A869CB6FD18B}.Debug|x86.ActiveCfg = Debug|x86
		{8B05E8B7-79B2-42E6-8558-A869CB6FD18B}.Debug|x86.Build.0 = Debug|x86
		{8B05E8B7-79B2-42E6-8558-A869CB6FD18B}.Release Official|Any CPU.ActiveCfg = Testing|x86
		{8B05E8B7-79B2-42E6-8558-A869CB6FD18B}.Release Official|Any CPU.Build.0 = Testing|x86
		{8B05E8B7-79B2-42E6-8558-A869CB6FD18B}.Release Official|x64.ActiveCfg = Release|x64
		{8B05E8B7-79B2-42E6-8558-A869CB6FD18B}.Release Official|x64.Build.0 = Release|x64
		{8B05E8B7-79B2-42E6-8558-A869CB6FD18B}.Release Official|x86.ActiveCfg = Release|x86
		{8B05E8B7-79B2-42E6-8558-A869CB6FD18B}.Release Official|x86.Build.0 = Release|x86
		{8B05E8B7-79B2-42E6-8558-A869CB6FD18B}.Release|Any CPU.ActiveCfg = Release|x86
		{8B05E8B7-79B2-42E6-8558-A869CB6FD18B}.Release|x64.ActiveCfg = Release|x64
		{8B05E8B7-79B2-42E6-8558-A869CB6FD18B}.Release|x64.Build.0 = Release|x64
		{8B05E8B7-79B2-42E6-8558-A869CB6FD18B}.Release|x86.ActiveCfg = Release|x86
		{8B05E8B7-79B2-42E6-8558-A869CB6FD18B}.Release|x86.Build.0 = Release|x86
		{8B05E8B7-79B2-42E6-8558-A869CB6FD18B}.Testing|Any CPU.ActiveCfg = Testing|x86
		{8B05E8B7-79B2-42E6-8558-A869CB6FD18B}.Testing|x64.ActiveCfg = Testing|x64
		{8B05E8B7-79B2-42E6-8558-A869CB6FD18B}.Testing|x64.Build.0 = Testing|x64
		{8B05E8B7-79B2-42E6-8558-A869CB6FD18B}.Testing|x86.ActiveCfg = Testing|x86
		{8B05E8B7-79B2-42E6-8558-A869CB6FD18B}.Testing|x86.Build.0 = Testing|x86
		{91FE7C0F-3304-4648-8ACA-149FBF83F2D6}.AllocationProfilingRelease|Any CPU.ActiveCfg = Testing|x64
		{91FE7C0F-3304-4648-8ACA-149FBF83F2D6}.AllocationProfilingRelease|Any CPU.Build.0 = Testing|x64
		{91FE7C0F-3304-4648-8ACA-149FBF83F2D6}.AllocationProfilingRelease|x64.ActiveCfg = Release|x64
		{91FE7C0F-3304-4648-8ACA-149FBF83F2D6}.AllocationProfilingRelease|x64.Build.0 = Release|x64
		{91FE7C0F-3304-4648-8ACA-149FBF83F2D6}.AllocationProfilingRelease|x86.ActiveCfg = Release|x86
		{91FE7C0F-3304-4648-8ACA-149FBF83F2D6}.AllocationProfilingRelease|x86.Build.0 = Release|x86
		{91FE7C0F-3304-4648-8ACA-149FBF83F2D6}.Debug|Any CPU.ActiveCfg = Debug|x86
		{91FE7C0F-3304-4648-8ACA-149FBF83F2D6}.Debug|x64.ActiveCfg = Debug|x64
		{91FE7C0F-3304-4648-8ACA-149FBF83F2D6}.Debug|x64.Build.0 = Debug|x64
		{91FE7C0F-3304-4648-8ACA-149FBF83F2D6}.Debug|x86.ActiveCfg = Debug|x86
		{91FE7C0F-3304-4648-8ACA-149FBF83F2D6}.Debug|x86.Build.0 = Debug|x86
		{91FE7C0F-3304-4648-8ACA-149FBF83F2D6}.Release Official|Any CPU.ActiveCfg = Testing|x64
		{91FE7C0F-3304-4648-8ACA-149FBF83F2D6}.Release Official|Any CPU.Build.0 = Testing|x64
		{91FE7C0F-3304-4648-8ACA-149FBF83F2D6}.Release Official|x64.ActiveCfg = Release|x64
		{91FE7C0F-3304-4648-8ACA-149FBF83F2D6}.Release Official|x64.Build.0 = Release|x64
		{91FE7C0F-3304-4648-8ACA-149FBF83F2D6}.Release Official|x86.ActiveCfg = Release|x86
		{91FE7C0F-3304-4648-8ACA-149FBF83F2D6}.Release Official|x86.Build.0 = Release|x86
		{91FE7C0F-3304-4648-8ACA-149FBF83F2D6}.Release|Any CPU.ActiveCfg = Release|x86
		{91FE7C0F-3304-4648-8ACA-149FBF83F2D6}.Release|x64.ActiveCfg = Release|x64
		{91FE7C0F-3304-4648-8ACA-149FBF83F2D6}.Release|x64.Build.0 = Release|x64
		{91FE7C0F-3304-4648-8ACA-149FBF83F2D6}.Release|x86.ActiveCfg = Release|x86
		{91FE7C0F-3304-4648-8ACA-149FBF83F2D6}.Release|x86.Build.0 = Release|x86
		{91FE7C0F-3304-4648-8ACA-149FBF83F2D6}.Testing|Any CPU.ActiveCfg = Testing|x86
		{91FE7C0F-3304-4648-8ACA-149FBF83F2D6}.Testing|x64.ActiveCfg = Debug|x64
		{91FE7C0F-3304-4648-8ACA-149FBF83F2D6}.Testing|x64.Build.0 = Debug|x64
		{91FE7C0F-3304-4648-8ACA-149FBF83F2D6}.Testing|x86.ActiveCfg = Testing|x86
		{91FE7C0F-3304-4648-8ACA-149FBF83F2D6}.Testing|x86.Build.0 = Testing|x86
		{9DA9B43B-9181-4B0A-ACF5-F3EDF4B34F3D}.AllocationProfilingRelease|Any CPU.ActiveCfg = Testing|x64
		{9DA9B43B-9181-4B0A-ACF5-F3EDF4B34F3D}.AllocationProfilingRelease|Any CPU.Build.0 = Testing|x64
		{9DA9B43B-9181-4B0A-ACF5-F3EDF4B34F3D}.AllocationProfilingRelease|x64.ActiveCfg = Release|x64
		{9DA9B43B-9181-4B0A-ACF5-F3EDF4B34F3D}.AllocationProfilingRelease|x64.Build.0 = Release|x64
		{9DA9B43B-9181-4B0A-ACF5-F3EDF4B34F3D}.AllocationProfilingRelease|x86.ActiveCfg = Release|x64
		{9DA9B43B-9181-4B0A-ACF5-F3EDF4B34F3D}.AllocationProfilingRelease|x86.Build.0 = Release|x64
		{9DA9B43B-9181-4B0A-ACF5-F3EDF4B34F3D}.Debug|Any CPU.ActiveCfg = Debug|x64
		{9DA9B43B-9181-4B0A-ACF5-F3EDF4B34F3D}.Debug|x64.ActiveCfg = Debug|x64
		{9DA9B43B-9181-4B0A-ACF5-F3EDF4B34F3D}.Debug|x64.Build.0 = Debug|x64
		{9DA9B43B-9181-4B0A-ACF5-F3EDF4B34F3D}.Debug|x86.ActiveCfg = Debug|x64
		{9DA9B43B-9181-4B0A-ACF5-F3EDF4B34F3D}.Release Official|Any CPU.ActiveCfg = Testing|x64
		{9DA9B43B-9181-4B0A-ACF5-F3EDF4B34F3D}.Release Official|Any CPU.Build.0 = Testing|x64
		{9DA9B43B-9181-4B0A-ACF5-F3EDF4B34F3D}.Release Official|x64.ActiveCfg = Release|x64
		{9DA9B43B-9181-4B0A-ACF5-F3EDF4B34F3D}.Release Official|x64.Build.0 = Release|x64
		{9DA9B43B-9181-4B0A-ACF5-F3EDF4B34F3D}.Release Official|x86.ActiveCfg = Release|x64
		{9DA9B43B-9181-4B0A-ACF5-F3EDF4B34F3D}.Release Official|x86.Build.0 = Release|x64
		{9DA9B43B-9181-4B0A-ACF5-F3EDF4B34F3D}.Release|Any CPU.ActiveCfg = Release|x64
		{9DA9B43B-9181-4B0A-ACF5-F3EDF4B34F3D}.Release|x64.ActiveCfg = Release|x64
		{9DA9B43B-9181-4B0A-ACF5-F3EDF4B34F3D}.Release|x64.Build.0 = Release|x64
		{9DA9B43B-9181-4B0A-ACF5-F3EDF4B34F3D}.Release|x86.ActiveCfg = Release|x64
		{9DA9B43B-9181-4B0A-ACF5-F3EDF4B34F3D}.Testing|Any CPU.ActiveCfg = Testing|x64
		{9DA9B43B-9181-4B0A-ACF5-F3EDF4B34F3D}.Testing|x64.ActiveCfg = Testing|x64
		{9DA9B43B-9181-4B0A-ACF5-F3EDF4B34F3D}.Testing|x64.Build.0 = Testing|x64
		{9DA9B43B-9181-4B0A-ACF5-F3EDF4B34F3D}.Testing|x86.ActiveCfg = Testing|x64
		{75D755C9-E42D-4533-9A8C-3A3D9A924889}.AllocationProfilingRelease|Any CPU.ActiveCfg = Release|Any CPU
		{75D755C9-E42D-4533-9A8C-3A3D9A924889}.AllocationProfilingRelease|Any CPU.Build.0 = Release|Any CPU
		{75D755C9-E42D-4533-9A8C-3A3D9A924889}.AllocationProfilingRelease|x64.ActiveCfg = Release|x64
		{75D755C9-E42D-4533-9A8C-3A3D9A924889}.AllocationProfilingRelease|x64.Build.0 = Release|x64
		{75D755C9-E42D-4533-9A8C-3A3D9A924889}.AllocationProfilingRelease|x86.ActiveCfg = Release|Any CPU
		{75D755C9-E42D-4533-9A8C-3A3D9A924889}.AllocationProfilingRelease|x86.Build.0 = Release|Any CPU
		{75D755C9-E42D-4533-9A8C-3A3D9A924889}.Debug|Any CPU.ActiveCfg = Debug|Any CPU
		{75D755C9-E42D-4533-9A8C-3A3D9A924889}.Debug|Any CPU.Build.0 = Debug|Any CPU
		{75D755C9-E42D-4533-9A8C-3A3D9A924889}.Debug|x64.ActiveCfg = Debug|x64
		{75D755C9-E42D-4533-9A8C-3A3D9A924889}.Debug|x64.Build.0 = Debug|x64
		{75D755C9-E42D-4533-9A8C-3A3D9A924889}.Debug|x86.ActiveCfg = Debug|Any CPU
		{75D755C9-E42D-4533-9A8C-3A3D9A924889}.Debug|x86.Build.0 = Debug|Any CPU
		{75D755C9-E42D-4533-9A8C-3A3D9A924889}.Release Official|Any CPU.ActiveCfg = Release|Any CPU
		{75D755C9-E42D-4533-9A8C-3A3D9A924889}.Release Official|Any CPU.Build.0 = Release|Any CPU
		{75D755C9-E42D-4533-9A8C-3A3D9A924889}.Release Official|x64.ActiveCfg = Release|x64
		{75D755C9-E42D-4533-9A8C-3A3D9A924889}.Release Official|x64.Build.0 = Release|x64
		{75D755C9-E42D-4533-9A8C-3A3D9A924889}.Release Official|x86.ActiveCfg = Release|Any CPU
		{75D755C9-E42D-4533-9A8C-3A3D9A924889}.Release Official|x86.Build.0 = Release|Any CPU
		{75D755C9-E42D-4533-9A8C-3A3D9A924889}.Release|Any CPU.ActiveCfg = Release|Any CPU
		{75D755C9-E42D-4533-9A8C-3A3D9A924889}.Release|Any CPU.Build.0 = Release|Any CPU
		{75D755C9-E42D-4533-9A8C-3A3D9A924889}.Release|x64.ActiveCfg = Release|x64
		{75D755C9-E42D-4533-9A8C-3A3D9A924889}.Release|x64.Build.0 = Release|x64
		{75D755C9-E42D-4533-9A8C-3A3D9A924889}.Release|x86.ActiveCfg = Release|Any CPU
		{75D755C9-E42D-4533-9A8C-3A3D9A924889}.Release|x86.Build.0 = Release|Any CPU
		{75D755C9-E42D-4533-9A8C-3A3D9A924889}.Testing|Any CPU.ActiveCfg = Testing|Any CPU
		{75D755C9-E42D-4533-9A8C-3A3D9A924889}.Testing|Any CPU.Build.0 = Testing|Any CPU
		{75D755C9-E42D-4533-9A8C-3A3D9A924889}.Testing|x64.ActiveCfg = Testing|Any CPU
		{75D755C9-E42D-4533-9A8C-3A3D9A924889}.Testing|x64.Build.0 = Testing|Any CPU
		{75D755C9-E42D-4533-9A8C-3A3D9A924889}.Testing|x86.ActiveCfg = Testing|x86
		{75D755C9-E42D-4533-9A8C-3A3D9A924889}.Testing|x86.Build.0 = Testing|x86
		{78C563AF-48A2-482F-B773-3A0898493CA8}.AllocationProfilingRelease|Any CPU.ActiveCfg = Release|Any CPU
		{78C563AF-48A2-482F-B773-3A0898493CA8}.AllocationProfilingRelease|Any CPU.Build.0 = Release|Any CPU
		{78C563AF-48A2-482F-B773-3A0898493CA8}.AllocationProfilingRelease|x64.ActiveCfg = Release|x64
		{78C563AF-48A2-482F-B773-3A0898493CA8}.AllocationProfilingRelease|x64.Build.0 = Release|x64
		{78C563AF-48A2-482F-B773-3A0898493CA8}.AllocationProfilingRelease|x86.ActiveCfg = Release|Any CPU
		{78C563AF-48A2-482F-B773-3A0898493CA8}.AllocationProfilingRelease|x86.Build.0 = Release|Any CPU
		{78C563AF-48A2-482F-B773-3A0898493CA8}.Debug|Any CPU.ActiveCfg = Debug|Any CPU
		{78C563AF-48A2-482F-B773-3A0898493CA8}.Debug|Any CPU.Build.0 = Debug|Any CPU
		{78C563AF-48A2-482F-B773-3A0898493CA8}.Debug|x64.ActiveCfg = Debug|x64
		{78C563AF-48A2-482F-B773-3A0898493CA8}.Debug|x64.Build.0 = Debug|x64
		{78C563AF-48A2-482F-B773-3A0898493CA8}.Debug|x86.ActiveCfg = Debug|Any CPU
		{78C563AF-48A2-482F-B773-3A0898493CA8}.Debug|x86.Build.0 = Debug|Any CPU
		{78C563AF-48A2-482F-B773-3A0898493CA8}.Release Official|Any CPU.ActiveCfg = Release|Any CPU
		{78C563AF-48A2-482F-B773-3A0898493CA8}.Release Official|Any CPU.Build.0 = Release|Any CPU
		{78C563AF-48A2-482F-B773-3A0898493CA8}.Release Official|x64.ActiveCfg = Release|x64
		{78C563AF-48A2-482F-B773-3A0898493CA8}.Release Official|x64.Build.0 = Release|x64
		{78C563AF-48A2-482F-B773-3A0898493CA8}.Release Official|x86.ActiveCfg = Release|Any CPU
		{78C563AF-48A2-482F-B773-3A0898493CA8}.Release Official|x86.Build.0 = Release|Any CPU
		{78C563AF-48A2-482F-B773-3A0898493CA8}.Release|Any CPU.ActiveCfg = Release|Any CPU
		{78C563AF-48A2-482F-B773-3A0898493CA8}.Release|Any CPU.Build.0 = Release|Any CPU
		{78C563AF-48A2-482F-B773-3A0898493CA8}.Release|x64.ActiveCfg = Release|x64
		{78C563AF-48A2-482F-B773-3A0898493CA8}.Release|x64.Build.0 = Release|x64
		{78C563AF-48A2-482F-B773-3A0898493CA8}.Release|x86.ActiveCfg = Release|Any CPU
		{78C563AF-48A2-482F-B773-3A0898493CA8}.Release|x86.Build.0 = Release|Any CPU
		{78C563AF-48A2-482F-B773-3A0898493CA8}.Testing|Any CPU.ActiveCfg = Testing|Any CPU
		{78C563AF-48A2-482F-B773-3A0898493CA8}.Testing|Any CPU.Build.0 = Testing|Any CPU
		{78C563AF-48A2-482F-B773-3A0898493CA8}.Testing|x64.ActiveCfg = Testing|Any CPU
		{78C563AF-48A2-482F-B773-3A0898493CA8}.Testing|x64.Build.0 = Testing|Any CPU
		{78C563AF-48A2-482F-B773-3A0898493CA8}.Testing|x86.ActiveCfg = Testing|Any CPU
		{78C563AF-48A2-482F-B773-3A0898493CA8}.Testing|x86.Build.0 = Testing|Any CPU
		{B1D52F79-D691-4B84-96F8-20095B73A3EA}.AllocationProfilingRelease|Any CPU.ActiveCfg = Testing|x64
		{B1D52F79-D691-4B84-96F8-20095B73A3EA}.AllocationProfilingRelease|Any CPU.Build.0 = Testing|x64
		{B1D52F79-D691-4B84-96F8-20095B73A3EA}.AllocationProfilingRelease|x64.ActiveCfg = Release|x64
		{B1D52F79-D691-4B84-96F8-20095B73A3EA}.AllocationProfilingRelease|x64.Build.0 = Release|x64
		{B1D52F79-D691-4B84-96F8-20095B73A3EA}.AllocationProfilingRelease|x86.ActiveCfg = Release|x64
		{B1D52F79-D691-4B84-96F8-20095B73A3EA}.AllocationProfilingRelease|x86.Build.0 = Release|x64
		{B1D52F79-D691-4B84-96F8-20095B73A3EA}.Debug|Any CPU.ActiveCfg = Debug|x64
		{B1D52F79-D691-4B84-96F8-20095B73A3EA}.Debug|x64.ActiveCfg = Debug|x64
		{B1D52F79-D691-4B84-96F8-20095B73A3EA}.Debug|x64.Build.0 = Debug|x64
		{B1D52F79-D691-4B84-96F8-20095B73A3EA}.Debug|x86.ActiveCfg = Debug|x64
		{B1D52F79-D691-4B84-96F8-20095B73A3EA}.Release Official|Any CPU.ActiveCfg = Testing|x64
		{B1D52F79-D691-4B84-96F8-20095B73A3EA}.Release Official|Any CPU.Build.0 = Testing|x64
		{B1D52F79-D691-4B84-96F8-20095B73A3EA}.Release Official|x64.ActiveCfg = Release|x64
		{B1D52F79-D691-4B84-96F8-20095B73A3EA}.Release Official|x64.Build.0 = Release|x64
		{B1D52F79-D691-4B84-96F8-20095B73A3EA}.Release Official|x86.ActiveCfg = Release|x64
		{B1D52F79-D691-4B84-96F8-20095B73A3EA}.Release Official|x86.Build.0 = Release|x64
		{B1D52F79-D691-4B84-96F8-20095B73A3EA}.Release|Any CPU.ActiveCfg = Release|x64
		{B1D52F79-D691-4B84-96F8-20095B73A3EA}.Release|x64.ActiveCfg = Release|x64
		{B1D52F79-D691-4B84-96F8-20095B73A3EA}.Release|x64.Build.0 = Release|x64
		{B1D52F79-D691-4B84-96F8-20095B73A3EA}.Release|x86.ActiveCfg = Release|x64
		{B1D52F79-D691-4B84-96F8-20095B73A3EA}.Testing|Any CPU.ActiveCfg = Testing|x64
		{B1D52F79-D691-4B84-96F8-20095B73A3EA}.Testing|x64.ActiveCfg = Testing|x64
		{B1D52F79-D691-4B84-96F8-20095B73A3EA}.Testing|x64.Build.0 = Testing|x64
		{B1D52F79-D691-4B84-96F8-20095B73A3EA}.Testing|x86.ActiveCfg = Testing|x64
		{7DDBE239-A36B-4A93-BAD6-25A1C3009C59}.AllocationProfilingRelease|Any CPU.ActiveCfg = Debug|x64
		{7DDBE239-A36B-4A93-BAD6-25A1C3009C59}.AllocationProfilingRelease|Any CPU.Build.0 = Debug|x64
		{7DDBE239-A36B-4A93-BAD6-25A1C3009C59}.AllocationProfilingRelease|x64.ActiveCfg = Release|x64
		{7DDBE239-A36B-4A93-BAD6-25A1C3009C59}.AllocationProfilingRelease|x64.Build.0 = Release|x64
		{7DDBE239-A36B-4A93-BAD6-25A1C3009C59}.AllocationProfilingRelease|x86.ActiveCfg = Testing|x64
		{7DDBE239-A36B-4A93-BAD6-25A1C3009C59}.AllocationProfilingRelease|x86.Build.0 = Testing|x64
		{7DDBE239-A36B-4A93-BAD6-25A1C3009C59}.Debug|Any CPU.ActiveCfg = Debug|x64
		{7DDBE239-A36B-4A93-BAD6-25A1C3009C59}.Debug|x64.ActiveCfg = Debug|x64
		{7DDBE239-A36B-4A93-BAD6-25A1C3009C59}.Debug|x64.Build.0 = Debug|x64
		{7DDBE239-A36B-4A93-BAD6-25A1C3009C59}.Debug|x86.ActiveCfg = Debug|x64
		{7DDBE239-A36B-4A93-BAD6-25A1C3009C59}.Release Official|Any CPU.ActiveCfg = Debug|x64
		{7DDBE239-A36B-4A93-BAD6-25A1C3009C59}.Release Official|Any CPU.Build.0 = Debug|x64
		{7DDBE239-A36B-4A93-BAD6-25A1C3009C59}.Release Official|x64.ActiveCfg = Release|x64
		{7DDBE239-A36B-4A93-BAD6-25A1C3009C59}.Release Official|x64.Build.0 = Release|x64
		{7DDBE239-A36B-4A93-BAD6-25A1C3009C59}.Release Official|x86.ActiveCfg = Testing|x64
		{7DDBE239-A36B-4A93-BAD6-25A1C3009C59}.Release Official|x86.Build.0 = Testing|x64
		{7DDBE239-A36B-4A93-BAD6-25A1C3009C59}.Release|Any CPU.ActiveCfg = Release|x64
		{7DDBE239-A36B-4A93-BAD6-25A1C3009C59}.Release|x64.ActiveCfg = Release|x64
		{7DDBE239-A36B-4A93-BAD6-25A1C3009C59}.Release|x64.Build.0 = Release|x64
		{7DDBE239-A36B-4A93-BAD6-25A1C3009C59}.Release|x86.ActiveCfg = Release|x64
		{7DDBE239-A36B-4A93-BAD6-25A1C3009C59}.Testing|Any CPU.ActiveCfg = Testing|x64
		{7DDBE239-A36B-4A93-BAD6-25A1C3009C59}.Testing|x64.ActiveCfg = Testing|x64
		{7DDBE239-A36B-4A93-BAD6-25A1C3009C59}.Testing|x64.Build.0 = Testing|x64
		{7DDBE239-A36B-4A93-BAD6-25A1C3009C59}.Testing|x86.ActiveCfg = Testing|x64
		{F2287FCB-8C10-4C21-8D5F-595763F8854F}.AllocationProfilingRelease|Any CPU.ActiveCfg = Debug|x64
		{F2287FCB-8C10-4C21-8D5F-595763F8854F}.AllocationProfilingRelease|Any CPU.Build.0 = Debug|x64
		{F2287FCB-8C10-4C21-8D5F-595763F8854F}.AllocationProfilingRelease|x64.ActiveCfg = Release|x64
		{F2287FCB-8C10-4C21-8D5F-595763F8854F}.AllocationProfilingRelease|x64.Build.0 = Release|x64
		{F2287FCB-8C10-4C21-8D5F-595763F8854F}.AllocationProfilingRelease|x86.ActiveCfg = Debug|x64
		{F2287FCB-8C10-4C21-8D5F-595763F8854F}.AllocationProfilingRelease|x86.Build.0 = Debug|x64
		{F2287FCB-8C10-4C21-8D5F-595763F8854F}.Debug|Any CPU.ActiveCfg = Debug|x64
		{F2287FCB-8C10-4C21-8D5F-595763F8854F}.Debug|x64.ActiveCfg = Debug|x64
		{F2287FCB-8C10-4C21-8D5F-595763F8854F}.Debug|x64.Build.0 = Debug|x64
		{F2287FCB-8C10-4C21-8D5F-595763F8854F}.Debug|x86.ActiveCfg = Debug|x64
		{F2287FCB-8C10-4C21-8D5F-595763F8854F}.Release Official|Any CPU.ActiveCfg = Debug|x64
		{F2287FCB-8C10-4C21-8D5F-595763F8854F}.Release Official|Any CPU.Build.0 = Debug|x64
		{F2287FCB-8C10-4C21-8D5F-595763F8854F}.Release Official|x64.ActiveCfg = Release|x64
		{F2287FCB-8C10-4C21-8D5F-595763F8854F}.Release Official|x64.Build.0 = Release|x64
		{F2287FCB-8C10-4C21-8D5F-595763F8854F}.Release Official|x86.ActiveCfg = Debug|x64
		{F2287FCB-8C10-4C21-8D5F-595763F8854F}.Release Official|x86.Build.0 = Debug|x64
		{F2287FCB-8C10-4C21-8D5F-595763F8854F}.Release|Any CPU.ActiveCfg = Release|x64
		{F2287FCB-8C10-4C21-8D5F-595763F8854F}.Release|x64.ActiveCfg = Release|x64
		{F2287FCB-8C10-4C21-8D5F-595763F8854F}.Release|x64.Build.0 = Release|x64
		{F2287FCB-8C10-4C21-8D5F-595763F8854F}.Release|x86.ActiveCfg = Release|x64
		{F2287FCB-8C10-4C21-8D5F-595763F8854F}.Testing|Any CPU.ActiveCfg = Debug|x64
		{F2287FCB-8C10-4C21-8D5F-595763F8854F}.Testing|Any CPU.Build.0 = Debug|x64
		{F2287FCB-8C10-4C21-8D5F-595763F8854F}.Testing|x64.ActiveCfg = Debug|x64
		{F2287FCB-8C10-4C21-8D5F-595763F8854F}.Testing|x64.Build.0 = Debug|x64
		{F2287FCB-8C10-4C21-8D5F-595763F8854F}.Testing|x86.ActiveCfg = Debug|x64
		{F2287FCB-8C10-4C21-8D5F-595763F8854F}.Testing|x86.Build.0 = Debug|x64
		{D204FD60-1E48-4DB4-A639-C8DE7FCD96D7}.AllocationProfilingRelease|Any CPU.ActiveCfg = Release|Any CPU
		{D204FD60-1E48-4DB4-A639-C8DE7FCD96D7}.AllocationProfilingRelease|Any CPU.Build.0 = Release|Any CPU
		{D204FD60-1E48-4DB4-A639-C8DE7FCD96D7}.AllocationProfilingRelease|x64.ActiveCfg = Release|Any CPU
		{D204FD60-1E48-4DB4-A639-C8DE7FCD96D7}.AllocationProfilingRelease|x64.Build.0 = Release|Any CPU
		{D204FD60-1E48-4DB4-A639-C8DE7FCD96D7}.AllocationProfilingRelease|x86.ActiveCfg = Release|Any CPU
		{D204FD60-1E48-4DB4-A639-C8DE7FCD96D7}.AllocationProfilingRelease|x86.Build.0 = Release|Any CPU
		{D204FD60-1E48-4DB4-A639-C8DE7FCD96D7}.Debug|Any CPU.ActiveCfg = Debug|Any CPU
		{D204FD60-1E48-4DB4-A639-C8DE7FCD96D7}.Debug|Any CPU.Build.0 = Debug|Any CPU
		{D204FD60-1E48-4DB4-A639-C8DE7FCD96D7}.Debug|x64.ActiveCfg = Debug|Any CPU
		{D204FD60-1E48-4DB4-A639-C8DE7FCD96D7}.Debug|x64.Build.0 = Debug|Any CPU
		{D204FD60-1E48-4DB4-A639-C8DE7FCD96D7}.Debug|x86.ActiveCfg = Debug|Any CPU
		{D204FD60-1E48-4DB4-A639-C8DE7FCD96D7}.Debug|x86.Build.0 = Debug|Any CPU
		{D204FD60-1E48-4DB4-A639-C8DE7FCD96D7}.Release Official|Any CPU.ActiveCfg = Release|Any CPU
		{D204FD60-1E48-4DB4-A639-C8DE7FCD96D7}.Release Official|Any CPU.Build.0 = Release|Any CPU
		{D204FD60-1E48-4DB4-A639-C8DE7FCD96D7}.Release Official|x64.ActiveCfg = Release|Any CPU
		{D204FD60-1E48-4DB4-A639-C8DE7FCD96D7}.Release Official|x64.Build.0 = Release|Any CPU
		{D204FD60-1E48-4DB4-A639-C8DE7FCD96D7}.Release Official|x86.ActiveCfg = Release|Any CPU
		{D204FD60-1E48-4DB4-A639-C8DE7FCD96D7}.Release Official|x86.Build.0 = Release|Any CPU
		{D204FD60-1E48-4DB4-A639-C8DE7FCD96D7}.Release|Any CPU.ActiveCfg = Release|Any CPU
		{D204FD60-1E48-4DB4-A639-C8DE7FCD96D7}.Release|Any CPU.Build.0 = Release|Any CPU
		{D204FD60-1E48-4DB4-A639-C8DE7FCD96D7}.Release|x64.ActiveCfg = Release|Any CPU
		{D204FD60-1E48-4DB4-A639-C8DE7FCD96D7}.Release|x64.Build.0 = Release|Any CPU
		{D204FD60-1E48-4DB4-A639-C8DE7FCD96D7}.Release|x86.ActiveCfg = Release|Any CPU
		{D204FD60-1E48-4DB4-A639-C8DE7FCD96D7}.Release|x86.Build.0 = Release|Any CPU
		{D204FD60-1E48-4DB4-A639-C8DE7FCD96D7}.Testing|Any CPU.ActiveCfg = Debug|Any CPU
		{D204FD60-1E48-4DB4-A639-C8DE7FCD96D7}.Testing|Any CPU.Build.0 = Debug|Any CPU
		{D204FD60-1E48-4DB4-A639-C8DE7FCD96D7}.Testing|x64.ActiveCfg = Debug|Any CPU
		{D204FD60-1E48-4DB4-A639-C8DE7FCD96D7}.Testing|x64.Build.0 = Debug|Any CPU
		{D204FD60-1E48-4DB4-A639-C8DE7FCD96D7}.Testing|x86.ActiveCfg = Debug|Any CPU
		{D204FD60-1E48-4DB4-A639-C8DE7FCD96D7}.Testing|x86.Build.0 = Debug|Any CPU
		{92BCF318-E91E-40E7-8056-964CE210FAD4}.AllocationProfilingRelease|Any CPU.ActiveCfg = Release|Any CPU
		{92BCF318-E91E-40E7-8056-964CE210FAD4}.AllocationProfilingRelease|Any CPU.Build.0 = Release|Any CPU
		{92BCF318-E91E-40E7-8056-964CE210FAD4}.AllocationProfilingRelease|x64.ActiveCfg = Release|Any CPU
		{92BCF318-E91E-40E7-8056-964CE210FAD4}.AllocationProfilingRelease|x64.Build.0 = Release|Any CPU
		{92BCF318-E91E-40E7-8056-964CE210FAD4}.AllocationProfilingRelease|x86.ActiveCfg = Release|Any CPU
		{92BCF318-E91E-40E7-8056-964CE210FAD4}.AllocationProfilingRelease|x86.Build.0 = Release|Any CPU
		{92BCF318-E91E-40E7-8056-964CE210FAD4}.Debug|Any CPU.ActiveCfg = Debug|Any CPU
		{92BCF318-E91E-40E7-8056-964CE210FAD4}.Debug|Any CPU.Build.0 = Debug|Any CPU
		{92BCF318-E91E-40E7-8056-964CE210FAD4}.Debug|x64.ActiveCfg = Debug|Any CPU
		{92BCF318-E91E-40E7-8056-964CE210FAD4}.Debug|x64.Build.0 = Debug|Any CPU
		{92BCF318-E91E-40E7-8056-964CE210FAD4}.Debug|x86.ActiveCfg = Debug|Any CPU
		{92BCF318-E91E-40E7-8056-964CE210FAD4}.Debug|x86.Build.0 = Debug|Any CPU
		{92BCF318-E91E-40E7-8056-964CE210FAD4}.Release Official|Any CPU.ActiveCfg = Release|Any CPU
		{92BCF318-E91E-40E7-8056-964CE210FAD4}.Release Official|Any CPU.Build.0 = Release|Any CPU
		{92BCF318-E91E-40E7-8056-964CE210FAD4}.Release Official|x64.ActiveCfg = Release|Any CPU
		{92BCF318-E91E-40E7-8056-964CE210FAD4}.Release Official|x64.Build.0 = Release|Any CPU
		{92BCF318-E91E-40E7-8056-964CE210FAD4}.Release Official|x86.ActiveCfg = Release|Any CPU
		{92BCF318-E91E-40E7-8056-964CE210FAD4}.Release Official|x86.Build.0 = Release|Any CPU
		{92BCF318-E91E-40E7-8056-964CE210FAD4}.Release|Any CPU.ActiveCfg = Release|Any CPU
		{92BCF318-E91E-40E7-8056-964CE210FAD4}.Release|Any CPU.Build.0 = Release|Any CPU
		{92BCF318-E91E-40E7-8056-964CE210FAD4}.Release|x64.ActiveCfg = Release|Any CPU
		{92BCF318-E91E-40E7-8056-964CE210FAD4}.Release|x64.Build.0 = Release|Any CPU
		{92BCF318-E91E-40E7-8056-964CE210FAD4}.Release|x86.ActiveCfg = Release|Any CPU
		{92BCF318-E91E-40E7-8056-964CE210FAD4}.Release|x86.Build.0 = Release|Any CPU
		{92BCF318-E91E-40E7-8056-964CE210FAD4}.Testing|Any CPU.ActiveCfg = Debug|Any CPU
		{92BCF318-E91E-40E7-8056-964CE210FAD4}.Testing|Any CPU.Build.0 = Debug|Any CPU
		{92BCF318-E91E-40E7-8056-964CE210FAD4}.Testing|x64.ActiveCfg = Debug|Any CPU
		{92BCF318-E91E-40E7-8056-964CE210FAD4}.Testing|x64.Build.0 = Debug|Any CPU
		{92BCF318-E91E-40E7-8056-964CE210FAD4}.Testing|x86.ActiveCfg = Debug|Any CPU
		{92BCF318-E91E-40E7-8056-964CE210FAD4}.Testing|x86.Build.0 = Debug|Any CPU
		{77BE56CF-4F42-4268-9D9A-8F73C51287B6}.AllocationProfilingRelease|Any CPU.ActiveCfg = Release|Any CPU
		{77BE56CF-4F42-4268-9D9A-8F73C51287B6}.AllocationProfilingRelease|Any CPU.Build.0 = Release|Any CPU
		{77BE56CF-4F42-4268-9D9A-8F73C51287B6}.AllocationProfilingRelease|x64.ActiveCfg = Release|Any CPU
		{77BE56CF-4F42-4268-9D9A-8F73C51287B6}.AllocationProfilingRelease|x64.Build.0 = Release|Any CPU
		{77BE56CF-4F42-4268-9D9A-8F73C51287B6}.AllocationProfilingRelease|x86.ActiveCfg = Release|Any CPU
		{77BE56CF-4F42-4268-9D9A-8F73C51287B6}.AllocationProfilingRelease|x86.Build.0 = Release|Any CPU
		{77BE56CF-4F42-4268-9D9A-8F73C51287B6}.Debug|Any CPU.ActiveCfg = Debug|Any CPU
		{77BE56CF-4F42-4268-9D9A-8F73C51287B6}.Debug|Any CPU.Build.0 = Debug|Any CPU
		{77BE56CF-4F42-4268-9D9A-8F73C51287B6}.Debug|x64.ActiveCfg = Debug|Any CPU
		{77BE56CF-4F42-4268-9D9A-8F73C51287B6}.Debug|x64.Build.0 = Debug|Any CPU
		{77BE56CF-4F42-4268-9D9A-8F73C51287B6}.Debug|x86.ActiveCfg = Debug|Any CPU
		{77BE56CF-4F42-4268-9D9A-8F73C51287B6}.Debug|x86.Build.0 = Debug|Any CPU
		{77BE56CF-4F42-4268-9D9A-8F73C51287B6}.Release Official|Any CPU.ActiveCfg = Release|Any CPU
		{77BE56CF-4F42-4268-9D9A-8F73C51287B6}.Release Official|Any CPU.Build.0 = Release|Any CPU
		{77BE56CF-4F42-4268-9D9A-8F73C51287B6}.Release Official|x64.ActiveCfg = Release|Any CPU
		{77BE56CF-4F42-4268-9D9A-8F73C51287B6}.Release Official|x64.Build.0 = Release|Any CPU
		{77BE56CF-4F42-4268-9D9A-8F73C51287B6}.Release Official|x86.ActiveCfg = Release|Any CPU
		{77BE56CF-4F42-4268-9D9A-8F73C51287B6}.Release Official|x86.Build.0 = Release|Any CPU
		{77BE56CF-4F42-4268-9D9A-8F73C51287B6}.Release|Any CPU.ActiveCfg = Release|Any CPU
		{77BE56CF-4F42-4268-9D9A-8F73C51287B6}.Release|Any CPU.Build.0 = Release|Any CPU
		{77BE56CF-4F42-4268-9D9A-8F73C51287B6}.Release|x64.ActiveCfg = Release|Any CPU
		{77BE56CF-4F42-4268-9D9A-8F73C51287B6}.Release|x64.Build.0 = Release|Any CPU
		{77BE56CF-4F42-4268-9D9A-8F73C51287B6}.Release|x86.ActiveCfg = Release|Any CPU
		{77BE56CF-4F42-4268-9D9A-8F73C51287B6}.Release|x86.Build.0 = Release|Any CPU
		{77BE56CF-4F42-4268-9D9A-8F73C51287B6}.Testing|Any CPU.ActiveCfg = Debug|Any CPU
		{77BE56CF-4F42-4268-9D9A-8F73C51287B6}.Testing|Any CPU.Build.0 = Debug|Any CPU
		{77BE56CF-4F42-4268-9D9A-8F73C51287B6}.Testing|x64.ActiveCfg = Debug|Any CPU
		{77BE56CF-4F42-4268-9D9A-8F73C51287B6}.Testing|x64.Build.0 = Debug|Any CPU
		{77BE56CF-4F42-4268-9D9A-8F73C51287B6}.Testing|x86.ActiveCfg = Debug|Any CPU
		{77BE56CF-4F42-4268-9D9A-8F73C51287B6}.Testing|x86.Build.0 = Debug|Any CPU
	EndGlobalSection
	GlobalSection(SolutionProperties) = preSolution
		HideSolutionNode = FALSE
	EndGlobalSection
	GlobalSection(NestedProjects) = preSolution
		{5CD034C8-A242-4BD6-94F4-F20C655A69E8} = {E6A8C5B7-EDB4-402D-AD9F-9A082E949015}
		{F77D0A49-F0A1-4E8A-80C8-CBE1842BF2D4} = {D3CBC58E-2E94-458C-A2BA-35AFA5A0B775}
		{40CE67D5-C89F-4A56-AE52-85DB1BEA07FE} = {776E066A-DE02-4627-B6BE-25F0287682E2}
		{1713E6CD-808A-4A44-9532-04771499BB01} = {776E066A-DE02-4627-B6BE-25F0287682E2}
		{2C96F0AB-7962-4B73-A075-B0E0B09F6195} = {D3CBC58E-2E94-458C-A2BA-35AFA5A0B775}
		{26FE022E-42AB-40BE-BA9D-97CBE34E7D99} = {776E066A-DE02-4627-B6BE-25F0287682E2}
		{F77D0A49-F0A1-4E8A-80C8-CBE1842BA2D4} = {D3CBC58E-2E94-458C-A2BA-35AFA5A0B775}
		{A5A97AA5-E974-479E-BF93-1202393A4A06} = {776E066A-DE02-4627-B6BE-25F0287682E2}
		{1C814936-C9A7-4FAF-B543-28F021D98B6C} = {776E066A-DE02-4627-B6BE-25F0287682E2}
		{F77D0A49-F011-4E8A-80C8-CBE1842BF2D4} = {776E066A-DE02-4627-B6BE-25F0287682E2}
		{F77D0A49-F0A1-4E8A-80C8-CBF1842BF2D4} = {776E066A-DE02-4627-B6BE-25F0287682E2}
		{4539B5F0-3316-40E6-B032-9FBCAFAAC5BE} = {776E066A-DE02-4627-B6BE-25F0287682E2}
		{47E07DC1-03CB-4668-A031-71816DEF8955} = {776E066A-DE02-4627-B6BE-25F0287682E2}
		{1B71BADF-4E94-4062-B835-052392FB9E3F} = {776E066A-DE02-4627-B6BE-25F0287682E2}
		{F1FC7FA9-A4DB-4699-846A-8D29F0B8F551} = {D3CBC58E-2E94-458C-A2BA-35AFA5A0B775}
		{EF31FA47-4601-4F28-8023-8666A9B6F918} = {776E066A-DE02-4627-B6BE-25F0287682E2}
		{4E178F6D-4357-4405-B738-DF60EFF5642B} = {776E066A-DE02-4627-B6BE-25F0287682E2}
		{C69E1063-F07F-464B-89EA-219B55D3AEA5} = {776E066A-DE02-4627-B6BE-25F0287682E2}
		{82FE3343-AF61-429A-89B6-BB2FBF77169E} = {E6A8C5B7-EDB4-402D-AD9F-9A082E949015}
		{65BCD9EA-D257-4D35-9463-3F7B576F4244} = {D3CBC58E-2E94-458C-A2BA-35AFA5A0B775}
		{90C6E6B7-D263-4A41-AFBF-389EC3D56BA1} = {776E066A-DE02-4627-B6BE-25F0287682E2}
		{93CDBB32-FBA1-4AD9-9388-E7878C8DCC0B} = {CF6BC51E-1A12-4CCC-86AF-7C37B33AB121}
		{8B05E8B7-79B2-42E6-8558-A869CB6FD18B} = {CF6BC51E-1A12-4CCC-86AF-7C37B33AB121}
		{91FE7C0F-3304-4648-8ACA-149FBF83F2D6} = {CF6BC51E-1A12-4CCC-86AF-7C37B33AB121}
		{9DA9B43B-9181-4B0A-ACF5-F3EDF4B34F3D} = {776E066A-DE02-4627-B6BE-25F0287682E2}
		{75D755C9-E42D-4533-9A8C-3A3D9A924889} = {776E066A-DE02-4627-B6BE-25F0287682E2}
		{B1D52F79-D691-4B84-96F8-20095B73A3EA} = {776E066A-DE02-4627-B6BE-25F0287682E2}
		{7DDBE239-A36B-4A93-BAD6-25A1C3009C59} = {776E066A-DE02-4627-B6BE-25F0287682E2}
		{F2287FCB-8C10-4C21-8D5F-595763F8854F} = {776E066A-DE02-4627-B6BE-25F0287682E2}
		{D204FD60-1E48-4DB4-A639-C8DE7FCD96D7} = {6E0E75F1-620F-4777-927B-23039B0151AD}
		{92BCF318-E91E-40E7-8056-964CE210FAD4} = {6E0E75F1-620F-4777-927B-23039B0151AD}
		{77BE56CF-4F42-4268-9D9A-8F73C51287B6} = {6E0E75F1-620F-4777-927B-23039B0151AD}
	EndGlobalSection
	GlobalSection(ExtensibilityGlobals) = postSolution
		VisualSVNWorkingCopyRoot = ..\..
		SolutionGuid = {4439B157-BE4B-4FBE-9B40-CC14674AEAB3}
	EndGlobalSection
EndGlobal
