
Microsoft Visual Studio Solution File, Format Version 12.00
# Visual Studio Version 16
VisualStudioVersion = 16.0.30011.22
MinimumVisualStudioVersion = 10.0.40219.1
Project("{9A19103F-16F7-4668-BE54-9A1E7A4F7556}") = "SeServerMock", "SeServerMock.csproj", "{7C80AF8B-70B2-4ED0-A851-385C1E415FBE}"
EndProject
Project("{9A19103F-16F7-4668-BE54-9A1E7A4F7556}") = "Ivxr.PlugIndependentLib", "..\..\Ivxr.PlugIndependentLib\Ivxr.PlugIndependentLib.csproj", "{89D51027-DC50-4D25-9F44-EBEBEAB01659}"
EndProject
Global
	GlobalSection(SolutionConfigurationPlatforms) = preSolution
		Debug|Any CPU = Debug|Any CPU
		Release|Any CPU = Release|Any CPU
	EndGlobalSection
	GlobalSection(ProjectConfigurationPlatforms) = postSolution
		{7C80AF8B-70B2-4ED0-A851-385C1E415FBE}.Debug|Any CPU.ActiveCfg = Debug|Any CPU
		{7C80AF8B-70B2-4ED0-A851-385C1E415FBE}.Debug|Any CPU.Build.0 = Debug|Any CPU
		{7C80AF8B-70B2-4ED0-A851-385C1E415FBE}.Release|Any CPU.ActiveCfg = Release|Any CPU
		{7C80AF8B-70B2-4ED0-A851-385C1E415FBE}.Release|Any CPU.Build.0 = Release|Any CPU
		{89D51027-DC50-4D25-9F44-EBEBEAB01659}.Debug|Any CPU.ActiveCfg = Debug|Any CPU
		{89D51027-DC50-4D25-9F44-EBEBEAB01659}.Debug|Any CPU.Build.0 = Debug|Any CPU
		{89D51027-DC50-4D25-9F44-EBEBEAB01659}.Release|Any CPU.ActiveCfg = Release|Any CPU
		{89D51027-DC50-4D25-9F44-EBEBEAB01659}.Release|Any CPU.Build.0 = Release|Any CPU
	EndGlobalSection
	GlobalSection(SolutionProperties) = preSolution
		HideSolutionNode = FALSE
	EndGlobalSection
	GlobalSection(ExtensibilityGlobals) = postSolution
		SolutionGuid = {CDBE24F2-2832-4D5B-878D-B295549743E6}
	EndGlobalSection
EndGlobal
