
Microsoft Visual Studio Solution File, Format Version 12.00
# Visual Studio Version 16
VisualStudioVersion = 16.0.31205.134
MinimumVisualStudioVersion = 10.0.40219.1
Project("{2150E333-8FDC-42A3-9474-1A3956D46DE8}") = "Iv4XR", "Iv4XR", "{CFDC65DD-CA09-494E-8D63-179EF381CFA9}"
EndProject
Project("{9A19103F-16F7-4668-BE54-9A1E7A4F7556}") = "Ivxr.PlugIndependentLib", "..\Source\Ivxr.PlugIndependentLib\Ivxr.PlugIndependentLib.csproj", "{279F7238-41C9-4CA2-9AF7-930BBDA22726}"
EndProject
Project("{9A19103F-16F7-4668-BE54-9A1E7A4F7556}") = "Ivxr.SePlugin", "..\Source\Ivxr.SePlugin\Ivxr.SePlugin.csproj", "{AF70CF37-622F-46D9-BDB3-60F57C1ABE10}"
EndProject
Project("{FAE04EC0-301F-11D3-BF4B-00C04F79EFBC}") = "Ivxr.SePlugin.Tests", "..\Source\Tests\Ivxr.SePlugin.Tests\Ivxr.SePlugin.Tests.csproj", "{77BE56CF-4F42-4268-9D9A-8F73C51287B6}"
EndProject
Project("{9A19103F-16F7-4668-BE54-9A1E7A4F7556}") = "SeServerMock", "..\Source\Helpers\SeServerMock\SeServerMock.csproj", "{C796D2DB-8859-4D73-8543-40CD80CE964E}"
EndProject
Global
	GlobalSection(SolutionConfigurationPlatforms) = preSolution
		Debug|Any CPU = Debug|Any CPU
		Release|Any CPU = Release|Any CPU
	EndGlobalSection
	GlobalSection(ProjectConfigurationPlatforms) = postSolution
		{279F7238-41C9-4CA2-9AF7-930BBDA22726}.Debug|Any CPU.ActiveCfg = Debug|Any CPU
		{279F7238-41C9-4CA2-9AF7-930BBDA22726}.Debug|Any CPU.Build.0 = Debug|Any CPU
		{279F7238-41C9-4CA2-9AF7-930BBDA22726}.Release|Any CPU.ActiveCfg = Release|Any CPU
		{279F7238-41C9-4CA2-9AF7-930BBDA22726}.Release|Any CPU.Build.0 = Release|Any CPU
		{AF70CF37-622F-46D9-BDB3-60F57C1ABE10}.Debug|Any CPU.ActiveCfg = Debug|Any CPU
		{AF70CF37-622F-46D9-BDB3-60F57C1ABE10}.Debug|Any CPU.Build.0 = Debug|Any CPU
		{AF70CF37-622F-46D9-BDB3-60F57C1ABE10}.Release|Any CPU.ActiveCfg = Release|Any CPU
		{AF70CF37-622F-46D9-BDB3-60F57C1ABE10}.Release|Any CPU.Build.0 = Release|Any CPU
		{77BE56CF-4F42-4268-9D9A-8F73C51287B6}.Debug|Any CPU.ActiveCfg = Debug|Any CPU
		{77BE56CF-4F42-4268-9D9A-8F73C51287B6}.Debug|Any CPU.Build.0 = Debug|Any CPU
		{77BE56CF-4F42-4268-9D9A-8F73C51287B6}.Release|Any CPU.ActiveCfg = Release|Any CPU
		{77BE56CF-4F42-4268-9D9A-8F73C51287B6}.Release|Any CPU.Build.0 = Release|Any CPU
		{C796D2DB-8859-4D73-8543-40CD80CE964E}.Debug|Any CPU.ActiveCfg = Debug|Any CPU
		{C796D2DB-8859-4D73-8543-40CD80CE964E}.Debug|Any CPU.Build.0 = Debug|Any CPU
		{C796D2DB-8859-4D73-8543-40CD80CE964E}.Release|Any CPU.ActiveCfg = Release|Any CPU
		{C796D2DB-8859-4D73-8543-40CD80CE964E}.Release|Any CPU.Build.0 = Release|Any CPU
	EndGlobalSection
	GlobalSection(SolutionProperties) = preSolution
		HideSolutionNode = FALSE
	EndGlobalSection
	GlobalSection(NestedProjects) = preSolution
		{279F7238-41C9-4CA2-9AF7-930BBDA22726} = {CFDC65DD-CA09-494E-8D63-179EF381CFA9}
		{AF70CF37-622F-46D9-BDB3-60F57C1ABE10} = {CFDC65DD-CA09-494E-8D63-179EF381CFA9}
		{77BE56CF-4F42-4268-9D9A-8F73C51287B6} = {CFDC65DD-CA09-494E-8D63-179EF381CFA9}
		{C796D2DB-8859-4D73-8543-40CD80CE964E} = {CFDC65DD-CA09-494E-8D63-179EF381CFA9}
	EndGlobalSection
	GlobalSection(ExtensibilityGlobals) = postSolution
		SolutionGuid = {A59363F9-2DF2-49CD-90A7-22E3D0A6985E}
	EndGlobalSection
EndGlobal
